// !$*UTF8*$!
{
	archiveVersion = 1;
	classes = {
	};
	objectVersion = 46;
	objects = {

/* Begin PBXBuildFile section */
		49332AF11A02B0250071CF07 /* AppDelegate.swift in Sources */ = {isa = PBXBuildFile; fileRef = 49332AF01A02B0250071CF07 /* AppDelegate.swift */; };
		49332AF31A02B0250071CF07 /* ViewController.swift in Sources */ = {isa = PBXBuildFile; fileRef = 49332AF21A02B0250071CF07 /* ViewController.swift */; };
		49332AF61A02B0250071CF07 /* Main.storyboard in Resources */ = {isa = PBXBuildFile; fileRef = 49332AF41A02B0250071CF07 /* Main.storyboard */; };
		49332AF81A02B0250071CF07 /* Images.xcassets in Resources */ = {isa = PBXBuildFile; fileRef = 49332AF71A02B0250071CF07 /* Images.xcassets */; };
		49332AFB1A02B0250071CF07 /* LaunchScreen.xib in Resources */ = {isa = PBXBuildFile; fileRef = 49332AF91A02B0250071CF07 /* LaunchScreen.xib */; };
		49332B071A02B0250071CF07 /* MyPickerTests.swift in Sources */ = {isa = PBXBuildFile; fileRef = 49332B061A02B0250071CF07 /* MyPickerTests.swift */; };
/* End PBXBuildFile section */

/* Begin PBXContainerItemProxy section */
		49332B011A02B0250071CF07 /* PBXContainerItemProxy */ = {
			isa = PBXContainerItemProxy;
			containerPortal = 49332AE31A02B0250071CF07 /* Project object */;
			proxyType = 1;
			remoteGlobalIDString = 49332AEA1A02B0250071CF07;
			remoteInfo = MyPicker;
		};
/* End PBXContainerItemProxy section */

/* Begin PBXFileReference section */
		49332AEB1A02B0250071CF07 /* MyPicker.app */ = {isa = PBXFileReference; explicitFileType = wrapper.application; includeInIndex = 0; path = MyPicker.app; sourceTree = BUILT_PRODUCTS_DIR; };
		49332AEF1A02B0250071CF07 /* Info.plist */ = {isa = PBXFileReference; lastKnownFileType = text.plist.xml; path = Info.plist; sourceTree = "<group>"; };
		49332AF01A02B0250071CF07 /* AppDelegate.swift */ = {isa = PBXFileReference; lastKnownFileType = sourcecode.swift; path = AppDelegate.swift; sourceTree = "<group>"; };
		49332AF21A02B0250071CF07 /* ViewController.swift */ = {isa = PBXFileReference; lastKnownFileType = sourcecode.swift; path = ViewController.swift; sourceTree = "<group>"; };
		49332AF51A02B0250071CF07 /* Base */ = {isa = PBXFileReference; lastKnownFileType = file.storyboard; name = Base; path = Base.lproj/Main.storyboard; sourceTree = "<group>"; };
		49332AF71A02B0250071CF07 /* Images.xcassets */ = {isa = PBXFileReference; lastKnownFileType = folder.assetcatalog; path = Images.xcassets; sourceTree = "<group>"; };
		49332AFA1A02B0250071CF07 /* Base */ = {isa = PBXFileReference; lastKnownFileType = file.xib; name = Base; path = Base.lproj/LaunchScreen.xib; sourceTree = "<group>"; };
		49332B001A02B0250071CF07 /* MyPickerTests.xctest */ = {isa = PBXFileReference; explicitFileType = wrapper.cfbundle; includeInIndex = 0; path = MyPickerTests.xctest; sourceTree = BUILT_PRODUCTS_DIR; };
		49332B051A02B0250071CF07 /* Info.plist */ = {isa = PBXFileReference; lastKnownFileType = text.plist.xml; path = Info.plist; sourceTree = "<group>"; };
		49332B061A02B0250071CF07 /* MyPickerTests.swift */ = {isa = PBXFileReference; lastKnownFileType = sourcecode.swift; path = MyPickerTests.swift; sourceTree = "<group>"; };
/* End PBXFileReference section */

/* Begin PBXFrameworksBuildPhase section */
		49332AE81A02B0250071CF07 /* Frameworks */ = {
			isa = PBXFrameworksBuildPhase;
			buildActionMask = 2147483647;
			files = (
			);
			runOnlyForDeploymentPostprocessing = 0;
		};
		49332AFD1A02B0250071CF07 /* Frameworks */ = {
			isa = PBXFrameworksBuildPhase;
			buildActionMask = 2147483647;
			files = (
			);
			runOnlyForDeploymentPostprocessing = 0;
		};
/* End PBXFrameworksBuildPhase section */

/* Begin PBXGroup section */
		49332AE21A02B0250071CF07 = {
			isa = PBXGroup;
			children = (
				49332AED1A02B0250071CF07 /* MyPicker */,
				49332B031A02B0250071CF07 /* MyPickerTests */,
				49332AEC1A02B0250071CF07 /* Products */,
			);
			sourceTree = "<group>";
		};
		49332AEC1A02B0250071CF07 /* Products */ = {
			isa = PBXGroup;
			children = (
				49332AEB1A02B0250071CF07 /* MyPicker.app */,
				49332B001A02B0250071CF07 /* MyPickerTests.xctest */,
			);
			name = Products;
			sourceTree = "<group>";
		};
		49332AED1A02B0250071CF07 /* MyPicker */ = {
			isa = PBXGroup;
			children = (
				49332AF01A02B0250071CF07 /* AppDelegate.swift */,
				49332AF21A02B0250071CF07 /* ViewController.swift */,
				49332AF41A02B0250071CF07 /* Main.storyboard */,
				49332AF71A02B0250071CF07 /* Images.xcassets */,
				49332AF91A02B0250071CF07 /* LaunchScreen.xib */,
				49332AEE1A02B0250071CF07 /* Supporting Files */,
			);
			path = MyPicker;
			sourceTree = "<group>";
		};
		49332AEE1A02B0250071CF07 /* Supporting Files */ = {
			isa = PBXGroup;
			children = (
				49332AEF1A02B0250071CF07 /* Info.plist */,
			);
			name = "Supporting Files";
			sourceTree = "<group>";
		};
		49332B031A02B0250071CF07 /* MyPickerTests */ = {
			isa = PBXGroup;
			children = (
				49332B061A02B0250071CF07 /* MyPickerTests.swift */,
				49332B041A02B0250071CF07 /* Supporting Files */,
			);
			path = MyPickerTests;
			sourceTree = "<group>";
		};
		49332B041A02B0250071CF07 /* Supporting Files */ = {
			isa = PBXGroup;
			children = (
				49332B051A02B0250071CF07 /* Info.plist */,
			);
			name = "Supporting Files";
			sourceTree = "<group>";
		};
/* End PBXGroup section */

/* Begin PBXNativeTarget section */
		49332AEA1A02B0250071CF07 /* MyPicker */ = {
			isa = PBXNativeTarget;
			buildConfigurationList = 49332B0A1A02B0250071CF07 /* Build configuration list for PBXNativeTarget "MyPicker" */;
			buildPhases = (
				49332AE71A02B0250071CF07 /* Sources */,
				49332AE81A02B0250071CF07 /* Frameworks */,
				49332AE91A02B0250071CF07 /* Resources */,
			);
			buildRules = (
			);
			dependencies = (
			);
			name = MyPicker;
			productName = MyPicker;
			productReference = 49332AEB1A02B0250071CF07 /* MyPicker.app */;
			productType = "com.apple.product-type.application";
		};
		49332AFF1A02B0250071CF07 /* MyPickerTests */ = {
			isa = PBXNativeTarget;
			buildConfigurationList = 49332B0D1A02B0250071CF07 /* Build configuration list for PBXNativeTarget "MyPickerTests" */;
			buildPhases = (
				49332AFC1A02B0250071CF07 /* Sources */,
				49332AFD1A02B0250071CF07 /* Frameworks */,
				49332AFE1A02B0250071CF07 /* Resources */,
			);
			buildRules = (
			);
			dependencies = (
				49332B021A02B0250071CF07 /* PBXTargetDependency */,
			);
			name = MyPickerTests;
			productName = MyPickerTests;
			productReference = 49332B001A02B0250071CF07 /* MyPickerTests.xctest */;
			productType = "com.apple.product-type.bundle.unit-test";
		};
/* End PBXNativeTarget section */

/* Begin PBXProject section */
		49332AE31A02B0250071CF07 /* Project object */ = {
			isa = PBXProject;
			attributes = {
				LastUpgradeCheck = 0610;
				ORGANIZATIONNAME = borrower;
				TargetAttributes = {
					49332AEA1A02B0250071CF07 = {
						CreatedOnToolsVersion = 6.1;
					};
					49332AFF1A02B0250071CF07 = {
						CreatedOnToolsVersion = 6.1;
						TestTargetID = 49332AEA1A02B0250071CF07;
					};
				};
			};
			buildConfigurationList = 49332AE61A02B0250071CF07 /* Build configuration list for PBXProject "MyPicker" */;
			compatibilityVersion = "Xcode 3.2";
			developmentRegion = English;
			hasScannedForEncodings = 0;
			knownRegions = (
				en,
				Base,
			);
			mainGroup = 49332AE21A02B0250071CF07;
			productRefGroup = 49332AEC1A02B0250071CF07 /* Products */;
			projectDirPath = "";
			projectRoot = "";
			targets = (
				49332AEA1A02B0250071CF07 /* MyPicker */,
				49332AFF1A02B0250071CF07 /* MyPickerTests */,
			);
		};
/* End PBXProject section */

/* Begin PBXResourcesBuildPhase section */
		49332AE91A02B0250071CF07 /* Resources */ = {
			isa = PBXResourcesBuildPhase;
			buildActionMask = 2147483647;
			files = (
				49332AF61A02B0250071CF07 /* Main.storyboard in Resources */,
				49332AFB1A02B0250071CF07 /* LaunchScreen.xib in Resources */,
				49332AF81A02B0250071CF07 /* Images.xcassets in Resources */,
			);
			runOnlyForDeploymentPostprocessing = 0;
		};
		49332AFE1A02B0250071CF07 /* Resources */ = {
			isa = PBXResourcesBuildPhase;
			buildActionMask = 2147483647;
			files = (
			);
			runOnlyForDeploymentPostprocessing = 0;
		};
/* End PBXResourcesBuildPhase section */

/* Begin PBXSourcesBuildPhase section */
		49332AE71A02B0250071CF07 /* Sources */ = {
			isa = PBXSourcesBuildPhase;
			buildActionMask = 2147483647;
			files = (
				49332AF31A02B0250071CF07 /* ViewController.swift in Sources */,
				49332AF11A02B0250071CF07 /* AppDelegate.swift in Sources */,
			);
			runOnlyForDeploymentPostprocessing = 0;
		};
		49332AFC1A02B0250071CF07 /* Sources */ = {
			isa = PBXSourcesBuildPhase;
			buildActionMask = 2147483647;
			files = (
				49332B071A02B0250071CF07 /* MyPickerTests.swift in Sources */,
			);
			runOnlyForDeploymentPostprocessing = 0;
		};
/* End PBXSourcesBuildPhase section */

/* Begin PBXTargetDependency section */
		49332B021A02B0250071CF07 /* PBXTargetDependency */ = {
			isa = PBXTargetDependency;
			target = 49332AEA1A02B0250071CF07 /* MyPicker */;
			targetProxy = 49332B011A02B0250071CF07 /* PBXContainerItemProxy */;
		};
/* End PBXTargetDependency section */

/* Begin PBXVariantGroup section */
		49332AF41A02B0250071CF07 /* Main.storyboard */ = {
			isa = PBXVariantGroup;
			children = (
				49332AF51A02B0250071CF07 /* Base */,
			);
			name = Main.storyboard;
			sourceTree = "<group>";
		};
		49332AF91A02B0250071CF07 /* LaunchScreen.xib */ = {
			isa = PBXVariantGroup;
			children = (
				49332AFA1A02B0250071CF07 /* Base */,
			);
			name = LaunchScreen.xib;
			sourceTree = "<group>";
		};
/* End PBXVariantGroup section */

/* Begin XCBuildConfiguration section */
		49332B081A02B0250071CF07 /* Debug */ = {
			isa = XCBuildConfiguration;
			buildSettings = {
				ALWAYS_SEARCH_USER_PATHS = NO;
				CLANG_CXX_LANGUAGE_STANDARD = "gnu++0x";
				CLANG_CXX_LIBRARY = "libc++";
				CLANG_ENABLE_MODULES = YES;
				CLANG_ENABLE_OBJC_ARC = YES;
				CLANG_WARN_BOOL_CONVERSION = YES;
				CLANG_WARN_CONSTANT_CONVERSION = YES;
				CLANG_WARN_DIRECT_OBJC_ISA_USAGE = YES_ERROR;
				CLANG_WARN_EMPTY_BODY = YES;
				CLANG_WARN_ENUM_CONVERSION = YES;
				CLANG_WARN_INT_CONVERSION = YES;
				CLANG_WARN_OBJC_ROOT_CLASS = YES_ERROR;
				CLANG_WARN_UNREACHABLE_CODE = YES;
				CLANG_WARN__DUPLICATE_METHOD_MATCH = YES;
				"CODE_SIGN_IDENTITY[sdk=iphoneos*]" = "iPhone Developer";
				COPY_PHASE_STRIP = NO;
				ENABLE_STRICT_OBJC_MSGSEND = YES;
				GCC_C_LANGUAGE_STANDARD = gnu99;
				GCC_DYNAMIC_NO_PIC = NO;
				GCC_OPTIMIZATION_LEVEL = 0;
				GCC_PREPROCESSOR_DEFINITIONS = (
					"DEBUG=1",
					"$(inherited)",
				);
				GCC_SYMBOLS_PRIVATE_EXTERN = NO;
				GCC_WARN_64_TO_32_BIT_CONVERSION = YES;
				GCC_WARN_ABOUT_RETURN_TYPE = YES_ERROR;
				GCC_WARN_UNDECLARED_SELECTOR = YES;
				GCC_WARN_UNINITIALIZED_AUTOS = YES_AGGRESSIVE;
				GCC_WARN_UNUSED_FUNCTION = YES;
				GCC_WARN_UNUSED_VARIABLE = YES;
				IPHONEOS_DEPLOYMENT_TARGET = 8.1;
				MTL_ENABLE_DEBUG_INFO = YES;
				ONLY_ACTIVE_ARCH = YES;
				SDKROOT = iphoneos;
				SWIFT_OPTIMIZATION_LEVEL = "-Onone";
			};
			name = Debug;
		};
		49332B091A02B0250071CF07 /* Release */ = {
			isa = XCBuildConfiguration;
			buildSettings = {
				ALWAYS_SEARCH_USER_PATHS = NO;
				CLANG_CXX_LANGUAGE_STANDARD = "gnu++0x";
				CLANG_CXX_LIBRARY = "libc++";
				CLANG_ENABLE_MODULES = YES;
				CLANG_ENABLE_OBJC_ARC = YES;
				CLANG_WARN_BOOL_CONVERSION = YES;
				CLANG_WARN_CONSTANT_CONVERSION = YES;
				CLANG_WARN_DIRECT_OBJC_ISA_USAGE = YES_ERROR;
				CLANG_WARN_EMPTY_BODY = YES;
				CLANG_WARN_ENUM_CONVERSION = YES;
				CLANG_WARN_INT_CONVERSION = YES;
				CLANG_WARN_OBJC_ROOT_CLASS = YES_ERROR;
				CLANG_WARN_UNREACHABLE_CODE = YES;
				CLANG_WARN__DUPLICATE_METHOD_MATCH = YES;
				"CODE_SIGN_IDENTITY[sdk=iphoneos*]" = "iPhone Developer";
				COPY_PHASE_STRIP = YES;
				ENABLE_NS_ASSERTIONS = NO;
				ENABLE_STRICT_OBJC_MSGSEND = YES;
				GCC_C_LANGUAGE_STANDARD = gnu99;
				GCC_WARN_64_TO_32_BIT_CONVERSION = YES;
				GCC_WARN_ABOUT_RETURN_TYPE = YES_ERROR;
				GCC_WARN_UNDECLARED_SELECTOR = YES;
				GCC_WARN_UNINITIALIZED_AUTOS = YES_AGGRESSIVE;
				GCC_WARN_UNUSED_FUNCTION = YES;
				GCC_WARN_UNUSED_VARIABLE = YES;
				IPHONEOS_DEPLOYMENT_TARGET = 8.1;
				MTL_ENABLE_DEBUG_INFO = NO;
				SDKROOT = iphoneos;
				VALIDATE_PRODUCT = YES;
			};
			name = Release;
		};
		49332B0B1A02B0250071CF07 /* Debug */ = {
			isa = XCBuildConfiguration;
			buildSettings = {
				ASSETCATALOG_COMPILER_APPICON_NAME = AppIcon;
				INFOPLIST_FILE = MyPicker/Info.plist;
				LD_RUNPATH_SEARCH_PATHS = "$(inherited) @executable_path/Frameworks";
				PRODUCT_NAME = "$(TARGET_NAME)";
			};
			name = Debug;
		};
		49332B0C1A02B0250071CF07 /* Release */ = {
			isa = XCBuildConfiguration;
			buildSettings = {
				ASSETCATALOG_COMPILER_APPICON_NAME = AppIcon;
				INFOPLIST_FILE = MyPicker/Info.plist;
				LD_RUNPATH_SEARCH_PATHS = "$(inherited) @executable_path/Frameworks";
				PRODUCT_NAME = "$(TARGET_NAME)";
			};
			name = Release;
		};
		49332B0E1A02B0250071CF07 /* Debug */ = {
			isa = XCBuildConfiguration;
			buildSettings = {
				BUNDLE_LOADER = "$(TEST_HOST)";
				FRAMEWORK_SEARCH_PATHS = (
					"$(SDKROOT)/Developer/Library/Frameworks",
					"$(inherited)",
				);
				GCC_PREPROCESSOR_DEFINITIONS = (
					"DEBUG=1",
					"$(inherited)",
				);
				INFOPLIST_FILE = MyPickerTests/Info.plist;
				LD_RUNPATH_SEARCH_PATHS = "$(inherited) @executable_path/Frameworks @loader_path/Frameworks";
				PRODUCT_NAME = "$(TARGET_NAME)";
				TEST_HOST = "$(BUILT_PRODUCTS_DIR)/MyPicker.app/MyPicker";
			};
			name = Debug;
		};
		49332B0F1A02B0250071CF07 /* Release */ = {
			isa = XCBuildConfiguration;
			buildSettings = {
				BUNDLE_LOADER = "$(TEST_HOST)";
				FRAMEWORK_SEARCH_PATHS = (
					"$(SDKROOT)/Developer/Library/Frameworks",
					"$(inherited)",
				);
				INFOPLIST_FILE = MyPickerTests/Info.plist;
				LD_RUNPATH_SEARCH_PATHS = "$(inherited) @executable_path/Frameworks @loader_path/Frameworks";
				PRODUCT_NAME = "$(TARGET_NAME)";
				TEST_HOST = "$(BUILT_PRODUCTS_DIR)/MyPicker.app/MyPicker";
			};
			name = Release;
		};
/* End XCBuildConfiguration section */

/* Begin XCConfigurationList section */
		49332AE61A02B0250071CF07 /* Build configuration list for PBXProject "MyPicker" */ = {
			isa = XCConfigurationList;
			buildConfigurations = (
				49332B081A02B0250071CF07 /* Debug */,
				49332B091A02B0250071CF07 /* Release */,
			);
			defaultConfigurationIsVisible = 0;
			defaultConfigurationName = Release;
		};
		49332B0A1A02B0250071CF07 /* Build configuration list for PBXNativeTarget "MyPicker" */ = {
			isa = XCConfigurationList;
			buildConfigurations = (
				49332B0B1A02B0250071CF07 /* Debug */,
				49332B0C1A02B0250071CF07 /* Release */,
			);
			defaultConfigurationIsVisible = 0;
		};
		49332B0D1A02B0250071CF07 /* Build configuration list for PBXNativeTarget "MyPickerTests" */ = {
			isa = XCConfigurationList;
			buildConfigurations = (
				49332B0E1A02B0250071CF07 /* Debug */,
				49332B0F1A02B0250071CF07 /* Release */,
			);
			defaultConfigurationIsVisible = 0;
		};
/* End XCConfigurationList section */
	};
	rootObject = 49332AE31A02B0250071CF07 /* Project object */;
}
