// !$*UTF8*$!
{
	archiveVersion = 1;
	classes = {
	};
	objectVersion = 46;
	objects = {

/* Begin PBXBuildFile section */
		49332B1F1A02BC200071CF07 /* AppDelegate.swift in Sources */ = {isa = PBXBuildFile; fileRef = 49332B1E1A02BC200071CF07 /* AppDelegate.swift */; };
		49332B211A02BC200071CF07 /* ViewController.swift in Sources */ = {isa = PBXBuildFile; fileRef = 49332B201A02BC200071CF07 /* ViewController.swift */; };
		49332B241A02BC200071CF07 /* Main.storyboard in Resources */ = {isa = PBXBuildFile; fileRef = 49332B221A02BC200071CF07 /* Main.storyboard */; };
		49332B261A02BC200071CF07 /* Images.xcassets in Resources */ = {isa = PBXBuildFile; fileRef = 49332B251A02BC200071CF07 /* Images.xcassets */; };
		49332B291A02BC200071CF07 /* LaunchScreen.xib in Resources */ = {isa = PBXBuildFile; fileRef = 49332B271A02BC200071CF07 /* LaunchScreen.xib */; };
		49332B351A02BC210071CF07 /* autoLayoutTests.swift in Sources */ = {isa = PBXBuildFile; fileRef = 49332B341A02BC210071CF07 /* autoLayoutTests.swift */; };
/* End PBXBuildFile section */

/* Begin PBXContainerItemProxy section */
		49332B2F1A02BC210071CF07 /* PBXContainerItemProxy */ = {
			isa = PBXContainerItemProxy;
			containerPortal = 49332B111A02BC200071CF07 /* Project object */;
			proxyType = 1;
			remoteGlobalIDString = 49332B181A02BC200071CF07;
			remoteInfo = autoLayout;
		};
/* End PBXContainerItemProxy section */

/* Begin PBXFileReference section */
		49332B191A02BC200071CF07 /* autoLayout.app */ = {isa = PBXFileReference; explicitFileType = wrapper.application; includeInIndex = 0; path = autoLayout.app; sourceTree = BUILT_PRODUCTS_DIR; };
		49332B1D1A02BC200071CF07 /* Info.plist */ = {isa = PBXFileReference; lastKnownFileType = text.plist.xml; path = Info.plist; sourceTree = "<group>"; };
		49332B1E1A02BC200071CF07 /* AppDelegate.swift */ = {isa = PBXFileReference; lastKnownFileType = sourcecode.swift; path = AppDelegate.swift; sourceTree = "<group>"; };
		49332B201A02BC200071CF07 /* ViewController.swift */ = {isa = PBXFileReference; lastKnownFileType = sourcecode.swift; path = ViewController.swift; sourceTree = "<group>"; };
		49332B231A02BC200071CF07 /* Base */ = {isa = PBXFileReference; lastKnownFileType = file.storyboard; name = Base; path = Base.lproj/Main.storyboard; sourceTree = "<group>"; };
		49332B251A02BC200071CF07 /* Images.xcassets */ = {isa = PBXFileReference; lastKnownFileType = folder.assetcatalog; path = Images.xcassets; sourceTree = "<group>"; };
		49332B281A02BC200071CF07 /* Base */ = {isa = PBXFileReference; lastKnownFileType = file.xib; name = Base; path = Base.lproj/LaunchScreen.xib; sourceTree = "<group>"; };
		49332B2E1A02BC210071CF07 /* autoLayoutTests.xctest */ = {isa = PBXFileReference; explicitFileType = wrapper.cfbundle; includeInIndex = 0; path = autoLayoutTests.xctest; sourceTree = BUILT_PRODUCTS_DIR; };
		49332B331A02BC210071CF07 /* Info.plist */ = {isa = PBXFileReference; lastKnownFileType = text.plist.xml; path = Info.plist; sourceTree = "<group>"; };
		49332B341A02BC210071CF07 /* autoLayoutTests.swift */ = {isa = PBXFileReference; lastKnownFileType = sourcecode.swift; path = autoLayoutTests.swift; sourceTree = "<group>"; };
/* End PBXFileReference section */

/* Begin PBXFrameworksBuildPhase section */
		49332B161A02BC200071CF07 /* Frameworks */ = {
			isa = PBXFrameworksBuildPhase;
			buildActionMask = 2147483647;
			files = (
			);
			runOnlyForDeploymentPostprocessing = 0;
		};
		49332B2B1A02BC210071CF07 /* Frameworks */ = {
			isa = PBXFrameworksBuildPhase;
			buildActionMask = 2147483647;
			files = (
			);
			runOnlyForDeploymentPostprocessing = 0;
		};
/* End PBXFrameworksBuildPhase section */

/* Begin PBXGroup section */
		49332B101A02BC200071CF07 = {
			isa = PBXGroup;
			children = (
				49332B1B1A02BC200071CF07 /* autoLayout */,
				49332B311A02BC210071CF07 /* autoLayoutTests */,
				49332B1A1A02BC200071CF07 /* Products */,
			);
			sourceTree = "<group>";
		};
		49332B1A1A02BC200071CF07 /* Products */ = {
			isa = PBXGroup;
			children = (
				49332B191A02BC200071CF07 /* autoLayout.app */,
				49332B2E1A02BC210071CF07 /* autoLayoutTests.xctest */,
			);
			name = Products;
			sourceTree = "<group>";
		};
		49332B1B1A02BC200071CF07 /* autoLayout */ = {
			isa = PBXGroup;
			children = (
				49332B1E1A02BC200071CF07 /* AppDelegate.swift */,
				49332B201A02BC200071CF07 /* ViewController.swift */,
				49332B221A02BC200071CF07 /* Main.storyboard */,
				49332B251A02BC200071CF07 /* Images.xcassets */,
				49332B271A02BC200071CF07 /* LaunchScreen.xib */,
				49332B1C1A02BC200071CF07 /* Supporting Files */,
			);
			path = autoLayout;
			sourceTree = "<group>";
		};
		49332B1C1A02BC200071CF07 /* Supporting Files */ = {
			isa = PBXGroup;
			children = (
				49332B1D1A02BC200071CF07 /* Info.plist */,
			);
			name = "Supporting Files";
			sourceTree = "<group>";
		};
		49332B311A02BC210071CF07 /* autoLayoutTests */ = {
			isa = PBXGroup;
			children = (
				49332B341A02BC210071CF07 /* autoLayoutTests.swift */,
				49332B321A02BC210071CF07 /* Supporting Files */,
			);
			path = autoLayoutTests;
			sourceTree = "<group>";
		};
		49332B321A02BC210071CF07 /* Supporting Files */ = {
			isa = PBXGroup;
			children = (
				49332B331A02BC210071CF07 /* Info.plist */,
			);
			name = "Supporting Files";
			sourceTree = "<group>";
		};
/* End PBXGroup section */

/* Begin PBXNativeTarget section */
		49332B181A02BC200071CF07 /* autoLayout */ = {
			isa = PBXNativeTarget;
			buildConfigurationList = 49332B381A02BC210071CF07 /* Build configuration list for PBXNativeTarget "autoLayout" */;
			buildPhases = (
				49332B151A02BC200071CF07 /* Sources */,
				49332B161A02BC200071CF07 /* Frameworks */,
				49332B171A02BC200071CF07 /* Resources */,
			);
			buildRules = (
			);
			dependencies = (
			);
			name = autoLayout;
			productName = autoLayout;
			productReference = 49332B191A02BC200071CF07 /* autoLayout.app */;
			productType = "com.apple.product-type.application";
		};
		49332B2D1A02BC210071CF07 /* autoLayoutTests */ = {
			isa = PBXNativeTarget;
			buildConfigurationList = 49332B3B1A02BC210071CF07 /* Build configuration list for PBXNativeTarget "autoLayoutTests" */;
			buildPhases = (
				49332B2A1A02BC210071CF07 /* Sources */,
				49332B2B1A02BC210071CF07 /* Frameworks */,
				49332B2C1A02BC210071CF07 /* Resources */,
			);
			buildRules = (
			);
			dependencies = (
				49332B301A02BC210071CF07 /* PBXTargetDependency */,
			);
			name = autoLayoutTests;
			productName = autoLayoutTests;
			productReference = 49332B2E1A02BC210071CF07 /* autoLayoutTests.xctest */;
			productType = "com.apple.product-type.bundle.unit-test";
		};
/* End PBXNativeTarget section */

/* Begin PBXProject section */
		49332B111A02BC200071CF07 /* Project object */ = {
			isa = PBXProject;
			attributes = {
				LastUpgradeCheck = 0610;
				ORGANIZATIONNAME = borrower;
				TargetAttributes = {
					49332B181A02BC200071CF07 = {
						CreatedOnToolsVersion = 6.1;
					};
					49332B2D1A02BC210071CF07 = {
						CreatedOnToolsVersion = 6.1;
						TestTargetID = 49332B181A02BC200071CF07;
					};
				};
			};
			buildConfigurationList = 49332B141A02BC200071CF07 /* Build configuration list for PBXProject "autoLayout" */;
			compatibilityVersion = "Xcode 3.2";
			developmentRegion = English;
			hasScannedForEncodings = 0;
			knownRegions = (
				en,
				Base,
			);
			mainGroup = 49332B101A02BC200071CF07;
			productRefGroup = 49332B1A1A02BC200071CF07 /* Products */;
			projectDirPath = "";
			projectRoot = "";
			targets = (
				49332B181A02BC200071CF07 /* autoLayout */,
				49332B2D1A02BC210071CF07 /* autoLayoutTests */,
			);
		};
/* End PBXProject section */

/* Begin PBXResourcesBuildPhase section */
		49332B171A02BC200071CF07 /* Resources */ = {
			isa = PBXResourcesBuildPhase;
			buildActionMask = 2147483647;
			files = (
				49332B241A02BC200071CF07 /* Main.storyboard in Resources */,
				49332B291A02BC200071CF07 /* LaunchScreen.xib in Resources */,
				49332B261A02BC200071CF07 /* Images.xcassets in Resources */,
			);
			runOnlyForDeploymentPostprocessing = 0;
		};
		49332B2C1A02BC210071CF07 /* Resources */ = {
			isa = PBXResourcesBuildPhase;
			buildActionMask = 2147483647;
			files = (
			);
			runOnlyForDeploymentPostprocessing = 0;
		};
/* End PBXResourcesBuildPhase section */

/* Begin PBXSourcesBuildPhase section */
		49332B151A02BC200071CF07 /* Sources */ = {
			isa = PBXSourcesBuildPhase;
			buildActionMask = 2147483647;
			files = (
				49332B211A02BC200071CF07 /* ViewController.swift in Sources */,
				49332B1F1A02BC200071CF07 /* AppDelegate.swift in Sources */,
			);
			runOnlyForDeploymentPostprocessing = 0;
		};
		49332B2A1A02BC210071CF07 /* Sources */ = {
			isa = PBXSourcesBuildPhase;
			buildActionMask = 2147483647;
			files = (
				49332B351A02BC210071CF07 /* autoLayoutTests.swift in Sources */,
			);
			runOnlyForDeploymentPostprocessing = 0;
		};
/* End PBXSourcesBuildPhase section */

/* Begin PBXTargetDependency section */
		49332B301A02BC210071CF07 /* PBXTargetDependency */ = {
			isa = PBXTargetDependency;
			target = 49332B181A02BC200071CF07 /* autoLayout */;
			targetProxy = 49332B2F1A02BC210071CF07 /* PBXContainerItemProxy */;
		};
/* End PBXTargetDependency section */

/* Begin PBXVariantGroup section */
		49332B221A02BC200071CF07 /* Main.storyboard */ = {
			isa = PBXVariantGroup;
			children = (
				49332B231A02BC200071CF07 /* Base */,
			);
			name = Main.storyboard;
			sourceTree = "<group>";
		};
		49332B271A02BC200071CF07 /* LaunchScreen.xib */ = {
			isa = PBXVariantGroup;
			children = (
				49332B281A02BC200071CF07 /* Base */,
			);
			name = LaunchScreen.xib;
			sourceTree = "<group>";
		};
/* End PBXVariantGroup section */

/* Begin XCBuildConfiguration section */
		49332B361A02BC210071CF07 /* Debug */ = {
			isa = XCBuildConfiguration;
			buildSettings = {
				ALWAYS_SEARCH_USER_PATHS = NO;
				CLANG_CXX_LANGUAGE_STANDARD = "gnu++0x";
				CLANG_CXX_LIBRARY = "libc++";
				CLANG_ENABLE_MODULES = YES;
				CLANG_ENABLE_OBJC_ARC = YES;
				CLANG_WARN_BOOL_CONVERSION = YES;
				CLANG_WARN_CONSTANT_CONVERSION = YES;
				CLANG_WARN_DIRECT_OBJC_ISA_USAGE = YES_ERROR;
				CLANG_WARN_EMPTY_BODY = YES;
				CLANG_WARN_ENUM_CONVERSION = YES;
				CLANG_WARN_INT_CONVERSION = YES;
				CLANG_WARN_OBJC_ROOT_CLASS = YES_ERROR;
				CLANG_WARN_UNREACHABLE_CODE = YES;
				CLANG_WARN__DUPLICATE_METHOD_MATCH = YES;
				"CODE_SIGN_IDENTITY[sdk=iphoneos*]" = "iPhone Developer";
				COPY_PHASE_STRIP = NO;
				ENABLE_STRICT_OBJC_MSGSEND = YES;
				GCC_C_LANGUAGE_STANDARD = gnu99;
				GCC_DYNAMIC_NO_PIC = NO;
				GCC_OPTIMIZATION_LEVEL = 0;
				GCC_PREPROCESSOR_DEFINITIONS = (
					"DEBUG=1",
					"$(inherited)",
				);
				GCC_SYMBOLS_PRIVATE_EXTERN = NO;
				GCC_WARN_64_TO_32_BIT_CONVERSION = YES;
				GCC_WARN_ABOUT_RETURN_TYPE = YES_ERROR;
				GCC_WARN_UNDECLARED_SELECTOR = YES;
				GCC_WARN_UNINITIALIZED_AUTOS = YES_AGGRESSIVE;
				GCC_WARN_UNUSED_FUNCTION = YES;
				GCC_WARN_UNUSED_VARIABLE = YES;
				IPHONEOS_DEPLOYMENT_TARGET = 8.1;
				MTL_ENABLE_DEBUG_INFO = YES;
				ONLY_ACTIVE_ARCH = YES;
				SDKROOT = iphoneos;
				SWIFT_OPTIMIZATION_LEVEL = "-Onone";
			};
			name = Debug;
		};
		49332B371A02BC210071CF07 /* Release */ = {
			isa = XCBuildConfiguration;
			buildSettings = {
				ALWAYS_SEARCH_USER_PATHS = NO;
				CLANG_CXX_LANGUAGE_STANDARD = "gnu++0x";
				CLANG_CXX_LIBRARY = "libc++";
				CLANG_ENABLE_MODULES = YES;
				CLANG_ENABLE_OBJC_ARC = YES;
				CLANG_WARN_BOOL_CONVERSION = YES;
				CLANG_WARN_CONSTANT_CONVERSION = YES;
				CLANG_WARN_DIRECT_OBJC_ISA_USAGE = YES_ERROR;
				CLANG_WARN_EMPTY_BODY = YES;
				CLANG_WARN_ENUM_CONVERSION = YES;
				CLANG_WARN_INT_CONVERSION = YES;
				CLANG_WARN_OBJC_ROOT_CLASS = YES_ERROR;
				CLANG_WARN_UNREACHABLE_CODE = YES;
				CLANG_WARN__DUPLICATE_METHOD_MATCH = YES;
				"CODE_SIGN_IDENTITY[sdk=iphoneos*]" = "iPhone Developer";
				COPY_PHASE_STRIP = YES;
				ENABLE_NS_ASSERTIONS = NO;
				ENABLE_STRICT_OBJC_MSGSEND = YES;
				GCC_C_LANGUAGE_STANDARD = gnu99;
				GCC_WARN_64_TO_32_BIT_CONVERSION = YES;
				GCC_WARN_ABOUT_RETURN_TYPE = YES_ERROR;
				GCC_WARN_UNDECLARED_SELECTOR = YES;
				GCC_WARN_UNINITIALIZED_AUTOS = YES_AGGRESSIVE;
				GCC_WARN_UNUSED_FUNCTION = YES;
				GCC_WARN_UNUSED_VARIABLE = YES;
				IPHONEOS_DEPLOYMENT_TARGET = 8.1;
				MTL_ENABLE_DEBUG_INFO = NO;
				SDKROOT = iphoneos;
				VALIDATE_PRODUCT = YES;
			};
			name = Release;
		};
		49332B391A02BC210071CF07 /* Debug */ = {
			isa = XCBuildConfiguration;
			buildSettings = {
				ASSETCATALOG_COMPILER_APPICON_NAME = AppIcon;
				INFOPLIST_FILE = autoLayout/Info.plist;
				LD_RUNPATH_SEARCH_PATHS = "$(inherited) @executable_path/Frameworks";
				PRODUCT_NAME = "$(TARGET_NAME)";
			};
			name = Debug;
		};
		49332B3A1A02BC210071CF07 /* Release */ = {
			isa = XCBuildConfiguration;
			buildSettings = {
				ASSETCATALOG_COMPILER_APPICON_NAME = AppIcon;
				INFOPLIST_FILE = autoLayout/Info.plist;
				LD_RUNPATH_SEARCH_PATHS = "$(inherited) @executable_path/Frameworks";
				PRODUCT_NAME = "$(TARGET_NAME)";
			};
			name = Release;
		};
		49332B3C1A02BC210071CF07 /* Debug */ = {
			isa = XCBuildConfiguration;
			buildSettings = {
				BUNDLE_LOADER = "$(TEST_HOST)";
				FRAMEWORK_SEARCH_PATHS = (
					"$(SDKROOT)/Developer/Library/Frameworks",
					"$(inherited)",
				);
				GCC_PREPROCESSOR_DEFINITIONS = (
					"DEBUG=1",
					"$(inherited)",
				);
				INFOPLIST_FILE = autoLayoutTests/Info.plist;
				LD_RUNPATH_SEARCH_PATHS = "$(inherited) @executable_path/Frameworks @loader_path/Frameworks";
				PRODUCT_NAME = "$(TARGET_NAME)";
				TEST_HOST = "$(BUILT_PRODUCTS_DIR)/autoLayout.app/autoLayout";
			};
			name = Debug;
		};
		49332B3D1A02BC210071CF07 /* Release */ = {
			isa = XCBuildConfiguration;
			buildSettings = {
				BUNDLE_LOADER = "$(TEST_HOST)";
				FRAMEWORK_SEARCH_PATHS = (
					"$(SDKROOT)/Developer/Library/Frameworks",
					"$(inherited)",
				);
				INFOPLIST_FILE = autoLayoutTests/Info.plist;
				LD_RUNPATH_SEARCH_PATHS = "$(inherited) @executable_path/Frameworks @loader_path/Frameworks";
				PRODUCT_NAME = "$(TARGET_NAME)";
				TEST_HOST = "$(BUILT_PRODUCTS_DIR)/autoLayout.app/autoLayout";
			};
			name = Release;
		};
/* End XCBuildConfiguration section */

/* Begin XCConfigurationList section */
		49332B141A02BC200071CF07 /* Build configuration list for PBXProject "autoLayout" */ = {
			isa = XCConfigurationList;
			buildConfigurations = (
				49332B361A02BC210071CF07 /* Debug */,
				49332B371A02BC210071CF07 /* Release */,
			);
			defaultConfigurationIsVisible = 0;
			defaultConfigurationName = Release;
		};
		49332B381A02BC210071CF07 /* Build configuration list for PBXNativeTarget "autoLayout" */ = {
			isa = XCConfigurationList;
			buildConfigurations = (
				49332B391A02BC210071CF07 /* Debug */,
				49332B3A1A02BC210071CF07 /* Release */,
			);
			defaultConfigurationIsVisible = 0;
		};
		49332B3B1A02BC210071CF07 /* Build configuration list for PBXNativeTarget "autoLayoutTests" */ = {
			isa = XCConfigurationList;
			buildConfigurations = (
				49332B3C1A02BC210071CF07 /* Debug */,
				49332B3D1A02BC210071CF07 /* Release */,
			);
			defaultConfigurationIsVisible = 0;
		};
/* End XCConfigurationList section */
	};
	rootObject = 49332B111A02BC200071CF07 /* Project object */;
}
