// !$*UTF8*$!
{
	archiveVersion = 1;
	classes = {
	};
	objectVersion = 46;
	objects = {

/* Begin PBXBuildFile section */
		491E6D781A128F0B00CA2EFA /* AppDelegate.swift in Sources */ = {isa = PBXBuildFile; fileRef = 491E6D771A128F0B00CA2EFA /* AppDelegate.swift */; };
		491E6D7A1A128F0B00CA2EFA /* ViewController.swift in Sources */ = {isa = PBXBuildFile; fileRef = 491E6D791A128F0B00CA2EFA /* ViewController.swift */; };
		491E6D7D1A128F0B00CA2EFA /* Main.storyboard in Resources */ = {isa = PBXBuildFile; fileRef = 491E6D7B1A128F0B00CA2EFA /* Main.storyboard */; };
		491E6D7F1A128F0B00CA2EFA /* Images.xcassets in Resources */ = {isa = PBXBuildFile; fileRef = 491E6D7E1A128F0B00CA2EFA /* Images.xcassets */; };
		491E6D821A128F0B00CA2EFA /* LaunchScreen.xib in Resources */ = {isa = PBXBuildFile; fileRef = 491E6D801A128F0B00CA2EFA /* LaunchScreen.xib */; };
		491E6D8E1A128F0B00CA2EFA /* MapIt2Tests.swift in Sources */ = {isa = PBXBuildFile; fileRef = 491E6D8D1A128F0B00CA2EFA /* MapIt2Tests.swift */; };
		491E6D981A128F6000CA2EFA /* MapKit.framework in Frameworks */ = {isa = PBXBuildFile; fileRef = 491E6D971A128F6000CA2EFA /* MapKit.framework */; };
		491E6D9A1A12933600CA2EFA /* MapData.swift in Sources */ = {isa = PBXBuildFile; fileRef = 491E6D991A12933600CA2EFA /* MapData.swift */; };
/* End PBXBuildFile section */

/* Begin PBXContainerItemProxy section */
		491E6D881A128F0B00CA2EFA /* PBXContainerItemProxy */ = {
			isa = PBXContainerItemProxy;
			containerPortal = 491E6D6A1A128F0B00CA2EFA /* Project object */;
			proxyType = 1;
			remoteGlobalIDString = 491E6D711A128F0B00CA2EFA;
			remoteInfo = MapIt2;
		};
/* End PBXContainerItemProxy section */

/* Begin PBXFileReference section */
		491E6D721A128F0B00CA2EFA /* MapIt2.app */ = {isa = PBXFileReference; explicitFileType = wrapper.application; includeInIndex = 0; path = MapIt2.app; sourceTree = BUILT_PRODUCTS_DIR; };
		491E6D761A128F0B00CA2EFA /* Info.plist */ = {isa = PBXFileReference; lastKnownFileType = text.plist.xml; path = Info.plist; sourceTree = "<group>"; };
		491E6D771A128F0B00CA2EFA /* AppDelegate.swift */ = {isa = PBXFileReference; lastKnownFileType = sourcecode.swift; path = AppDelegate.swift; sourceTree = "<group>"; };
		491E6D791A128F0B00CA2EFA /* ViewController.swift */ = {isa = PBXFileReference; lastKnownFileType = sourcecode.swift; path = ViewController.swift; sourceTree = "<group>"; };
		491E6D7C1A128F0B00CA2EFA /* Base */ = {isa = PBXFileReference; lastKnownFileType = file.storyboard; name = Base; path = Base.lproj/Main.storyboard; sourceTree = "<group>"; };
		491E6D7E1A128F0B00CA2EFA /* Images.xcassets */ = {isa = PBXFileReference; lastKnownFileType = folder.assetcatalog; path = Images.xcassets; sourceTree = "<group>"; };
		491E6D811A128F0B00CA2EFA /* Base */ = {isa = PBXFileReference; lastKnownFileType = file.xib; name = Base; path = Base.lproj/LaunchScreen.xib; sourceTree = "<group>"; };
		491E6D871A128F0B00CA2EFA /* MapIt2Tests.xctest */ = {isa = PBXFileReference; explicitFileType = wrapper.cfbundle; includeInIndex = 0; path = MapIt2Tests.xctest; sourceTree = BUILT_PRODUCTS_DIR; };
		491E6D8C1A128F0B00CA2EFA /* Info.plist */ = {isa = PBXFileReference; lastKnownFileType = text.plist.xml; path = Info.plist; sourceTree = "<group>"; };
		491E6D8D1A128F0B00CA2EFA /* MapIt2Tests.swift */ = {isa = PBXFileReference; lastKnownFileType = sourcecode.swift; path = MapIt2Tests.swift; sourceTree = "<group>"; };
		491E6D971A128F6000CA2EFA /* MapKit.framework */ = {isa = PBXFileReference; lastKnownFileType = wrapper.framework; name = MapKit.framework; path = System/Library/Frameworks/MapKit.framework; sourceTree = SDKROOT; };
		491E6D991A12933600CA2EFA /* MapData.swift */ = {isa = PBXFileReference; fileEncoding = 4; lastKnownFileType = sourcecode.swift; path = MapData.swift; sourceTree = "<group>"; };
/* End PBXFileReference section */

/* Begin PBXFrameworksBuildPhase section */
		491E6D6F1A128F0B00CA2EFA /* Frameworks */ = {
			isa = PBXFrameworksBuildPhase;
			buildActionMask = 2147483647;
			files = (
				491E6D981A128F6000CA2EFA /* MapKit.framework in Frameworks */,
			);
			runOnlyForDeploymentPostprocessing = 0;
		};
		491E6D841A128F0B00CA2EFA /* Frameworks */ = {
			isa = PBXFrameworksBuildPhase;
			buildActionMask = 2147483647;
			files = (
			);
			runOnlyForDeploymentPostprocessing = 0;
		};
/* End PBXFrameworksBuildPhase section */

/* Begin PBXGroup section */
		491E6D691A128F0B00CA2EFA = {
			isa = PBXGroup;
			children = (
				491E6D971A128F6000CA2EFA /* MapKit.framework */,
				491E6D741A128F0B00CA2EFA /* MapIt2 */,
				491E6D8A1A128F0B00CA2EFA /* MapIt2Tests */,
				491E6D731A128F0B00CA2EFA /* Products */,
			);
			sourceTree = "<group>";
		};
		491E6D731A128F0B00CA2EFA /* Products */ = {
			isa = PBXGroup;
			children = (
				491E6D721A128F0B00CA2EFA /* MapIt2.app */,
				491E6D871A128F0B00CA2EFA /* MapIt2Tests.xctest */,
			);
			name = Products;
			sourceTree = "<group>";
		};
		491E6D741A128F0B00CA2EFA /* MapIt2 */ = {
			isa = PBXGroup;
			children = (
				491E6D771A128F0B00CA2EFA /* AppDelegate.swift */,
				491E6D991A12933600CA2EFA /* MapData.swift */,
				491E6D791A128F0B00CA2EFA /* ViewController.swift */,
				491E6D7B1A128F0B00CA2EFA /* Main.storyboard */,
				491E6D7E1A128F0B00CA2EFA /* Images.xcassets */,
				491E6D801A128F0B00CA2EFA /* LaunchScreen.xib */,
				491E6D751A128F0B00CA2EFA /* Supporting Files */,
			);
			path = MapIt2;
			sourceTree = "<group>";
		};
		491E6D751A128F0B00CA2EFA /* Supporting Files */ = {
			isa = PBXGroup;
			children = (
				491E6D761A128F0B00CA2EFA /* Info.plist */,
			);
			name = "Supporting Files";
			sourceTree = "<group>";
		};
		491E6D8A1A128F0B00CA2EFA /* MapIt2Tests */ = {
			isa = PBXGroup;
			children = (
				491E6D8D1A128F0B00CA2EFA /* MapIt2Tests.swift */,
				491E6D8B1A128F0B00CA2EFA /* Supporting Files */,
			);
			path = MapIt2Tests;
			sourceTree = "<group>";
		};
		491E6D8B1A128F0B00CA2EFA /* Supporting Files */ = {
			isa = PBXGroup;
			children = (
				491E6D8C1A128F0B00CA2EFA /* Info.plist */,
			);
			name = "Supporting Files";
			sourceTree = "<group>";
		};
/* End PBXGroup section */

/* Begin PBXNativeTarget section */
		491E6D711A128F0B00CA2EFA /* MapIt2 */ = {
			isa = PBXNativeTarget;
			buildConfigurationList = 491E6D911A128F0B00CA2EFA /* Build configuration list for PBXNativeTarget "MapIt2" */;
			buildPhases = (
				491E6D6E1A128F0B00CA2EFA /* Sources */,
				491E6D6F1A128F0B00CA2EFA /* Frameworks */,
				491E6D701A128F0B00CA2EFA /* Resources */,
			);
			buildRules = (
			);
			dependencies = (
			);
			name = MapIt2;
			productName = MapIt2;
			productReference = 491E6D721A128F0B00CA2EFA /* MapIt2.app */;
			productType = "com.apple.product-type.application";
		};
		491E6D861A128F0B00CA2EFA /* MapIt2Tests */ = {
			isa = PBXNativeTarget;
			buildConfigurationList = 491E6D941A128F0B00CA2EFA /* Build configuration list for PBXNativeTarget "MapIt2Tests" */;
			buildPhases = (
				491E6D831A128F0B00CA2EFA /* Sources */,
				491E6D841A128F0B00CA2EFA /* Frameworks */,
				491E6D851A128F0B00CA2EFA /* Resources */,
			);
			buildRules = (
			);
			dependencies = (
				491E6D891A128F0B00CA2EFA /* PBXTargetDependency */,
			);
			name = MapIt2Tests;
			productName = MapIt2Tests;
			productReference = 491E6D871A128F0B00CA2EFA /* MapIt2Tests.xctest */;
			productType = "com.apple.product-type.bundle.unit-test";
		};
/* End PBXNativeTarget section */

/* Begin PBXProject section */
		491E6D6A1A128F0B00CA2EFA /* Project object */ = {
			isa = PBXProject;
			attributes = {
				LastUpgradeCheck = 0610;
				ORGANIZATIONNAME = "Jason Zeiler";
				TargetAttributes = {
					491E6D711A128F0B00CA2EFA = {
						CreatedOnToolsVersion = 6.1;
					};
					491E6D861A128F0B00CA2EFA = {
						CreatedOnToolsVersion = 6.1;
						TestTargetID = 491E6D711A128F0B00CA2EFA;
					};
				};
			};
			buildConfigurationList = 491E6D6D1A128F0B00CA2EFA /* Build configuration list for PBXProject "MapIt2" */;
			compatibilityVersion = "Xcode 3.2";
			developmentRegion = English;
			hasScannedForEncodings = 0;
			knownRegions = (
				en,
				Base,
			);
			mainGroup = 491E6D691A128F0B00CA2EFA;
			productRefGroup = 491E6D731A128F0B00CA2EFA /* Products */;
			projectDirPath = "";
			projectRoot = "";
			targets = (
				491E6D711A128F0B00CA2EFA /* MapIt2 */,
				491E6D861A128F0B00CA2EFA /* MapIt2Tests */,
			);
		};
/* End PBXProject section */

/* Begin PBXResourcesBuildPhase section */
		491E6D701A128F0B00CA2EFA /* Resources */ = {
			isa = PBXResourcesBuildPhase;
			buildActionMask = 2147483647;
			files = (
				491E6D7D1A128F0B00CA2EFA /* Main.storyboard in Resources */,
				491E6D821A128F0B00CA2EFA /* LaunchScreen.xib in Resources */,
				491E6D7F1A128F0B00CA2EFA /* Images.xcassets in Resources */,
			);
			runOnlyForDeploymentPostprocessing = 0;
		};
		491E6D851A128F0B00CA2EFA /* Resources */ = {
			isa = PBXResourcesBuildPhase;
			buildActionMask = 2147483647;
			files = (
			);
			runOnlyForDeploymentPostprocessing = 0;
		};
/* End PBXResourcesBuildPhase section */

/* Begin PBXSourcesBuildPhase section */
		491E6D6E1A128F0B00CA2EFA /* Sources */ = {
			isa = PBXSourcesBuildPhase;
			buildActionMask = 2147483647;
			files = (
				491E6D7A1A128F0B00CA2EFA /* ViewController.swift in Sources */,
				491E6D781A128F0B00CA2EFA /* AppDelegate.swift in Sources */,
				491E6D9A1A12933600CA2EFA /* MapData.swift in Sources */,
			);
			runOnlyForDeploymentPostprocessing = 0;
		};
		491E6D831A128F0B00CA2EFA /* Sources */ = {
			isa = PBXSourcesBuildPhase;
			buildActionMask = 2147483647;
			files = (
				491E6D8E1A128F0B00CA2EFA /* MapIt2Tests.swift in Sources */,
			);
			runOnlyForDeploymentPostprocessing = 0;
		};
/* End PBXSourcesBuildPhase section */

/* Begin PBXTargetDependency section */
		491E6D891A128F0B00CA2EFA /* PBXTargetDependency */ = {
			isa = PBXTargetDependency;
			target = 491E6D711A128F0B00CA2EFA /* MapIt2 */;
			targetProxy = 491E6D881A128F0B00CA2EFA /* PBXContainerItemProxy */;
		};
/* End PBXTargetDependency section */

/* Begin PBXVariantGroup section */
		491E6D7B1A128F0B00CA2EFA /* Main.storyboard */ = {
			isa = PBXVariantGroup;
			children = (
				491E6D7C1A128F0B00CA2EFA /* Base */,
			);
			name = Main.storyboard;
			sourceTree = "<group>";
		};
		491E6D801A128F0B00CA2EFA /* LaunchScreen.xib */ = {
			isa = PBXVariantGroup;
			children = (
				491E6D811A128F0B00CA2EFA /* Base */,
			);
			name = LaunchScreen.xib;
			sourceTree = "<group>";
		};
/* End PBXVariantGroup section */

/* Begin XCBuildConfiguration section */
		491E6D8F1A128F0B00CA2EFA /* Debug */ = {
			isa = XCBuildConfiguration;
			buildSettings = {
				ALWAYS_SEARCH_USER_PATHS = NO;
				CLANG_CXX_LANGUAGE_STANDARD = "gnu++0x";
				CLANG_CXX_LIBRARY = "libc++";
				CLANG_ENABLE_MODULES = YES;
				CLANG_ENABLE_OBJC_ARC = YES;
				CLANG_WARN_BOOL_CONVERSION = YES;
				CLANG_WARN_CONSTANT_CONVERSION = YES;
				CLANG_WARN_DIRECT_OBJC_ISA_USAGE = YES_ERROR;
				CLANG_WARN_EMPTY_BODY = YES;
				CLANG_WARN_ENUM_CONVERSION = YES;
				CLANG_WARN_INT_CONVERSION = YES;
				CLANG_WARN_OBJC_ROOT_CLASS = YES_ERROR;
				CLANG_WARN_UNREACHABLE_CODE = YES;
				CLANG_WARN__DUPLICATE_METHOD_MATCH = YES;
				"CODE_SIGN_IDENTITY[sdk=iphoneos*]" = "iPhone Developer";
				COPY_PHASE_STRIP = NO;
				ENABLE_STRICT_OBJC_MSGSEND = YES;
				GCC_C_LANGUAGE_STANDARD = gnu99;
				GCC_DYNAMIC_NO_PIC = NO;
				GCC_OPTIMIZATION_LEVEL = 0;
				GCC_PREPROCESSOR_DEFINITIONS = (
					"DEBUG=1",
					"$(inherited)",
				);
				GCC_SYMBOLS_PRIVATE_EXTERN = NO;
				GCC_WARN_64_TO_32_BIT_CONVERSION = YES;
				GCC_WARN_ABOUT_RETURN_TYPE = YES_ERROR;
				GCC_WARN_UNDECLARED_SELECTOR = YES;
				GCC_WARN_UNINITIALIZED_AUTOS = YES_AGGRESSIVE;
				GCC_WARN_UNUSED_FUNCTION = YES;
				GCC_WARN_UNUSED_VARIABLE = YES;
				IPHONEOS_DEPLOYMENT_TARGET = 8.1;
				MTL_ENABLE_DEBUG_INFO = YES;
				ONLY_ACTIVE_ARCH = YES;
				SDKROOT = iphoneos;
				SWIFT_OPTIMIZATION_LEVEL = "-Onone";
			};
			name = Debug;
		};
		491E6D901A128F0B00CA2EFA /* Release */ = {
			isa = XCBuildConfiguration;
			buildSettings = {
				ALWAYS_SEARCH_USER_PATHS = NO;
				CLANG_CXX_LANGUAGE_STANDARD = "gnu++0x";
				CLANG_CXX_LIBRARY = "libc++";
				CLANG_ENABLE_MODULES = YES;
				CLANG_ENABLE_OBJC_ARC = YES;
				CLANG_WARN_BOOL_CONVERSION = YES;
				CLANG_WARN_CONSTANT_CONVERSION = YES;
				CLANG_WARN_DIRECT_OBJC_ISA_USAGE = YES_ERROR;
				CLANG_WARN_EMPTY_BODY = YES;
				CLANG_WARN_ENUM_CONVERSION = YES;
				CLANG_WARN_INT_CONVERSION = YES;
				CLANG_WARN_OBJC_ROOT_CLASS = YES_ERROR;
				CLANG_WARN_UNREACHABLE_CODE = YES;
				CLANG_WARN__DUPLICATE_METHOD_MATCH = YES;
				"CODE_SIGN_IDENTITY[sdk=iphoneos*]" = "iPhone Developer";
				COPY_PHASE_STRIP = YES;
				ENABLE_NS_ASSERTIONS = NO;
				ENABLE_STRICT_OBJC_MSGSEND = YES;
				GCC_C_LANGUAGE_STANDARD = gnu99;
				GCC_WARN_64_TO_32_BIT_CONVERSION = YES;
				GCC_WARN_ABOUT_RETURN_TYPE = YES_ERROR;
				GCC_WARN_UNDECLARED_SELECTOR = YES;
				GCC_WARN_UNINITIALIZED_AUTOS = YES_AGGRESSIVE;
				GCC_WARN_UNUSED_FUNCTION = YES;
				GCC_WARN_UNUSED_VARIABLE = YES;
				IPHONEOS_DEPLOYMENT_TARGET = 8.1;
				MTL_ENABLE_DEBUG_INFO = NO;
				SDKROOT = iphoneos;
				VALIDATE_PRODUCT = YES;
			};
			name = Release;
		};
		491E6D921A128F0B00CA2EFA /* Debug */ = {
			isa = XCBuildConfiguration;
			buildSettings = {
				ASSETCATALOG_COMPILER_APPICON_NAME = AppIcon;
				INFOPLIST_FILE = MapIt2/Info.plist;
				LD_RUNPATH_SEARCH_PATHS = "$(inherited) @executable_path/Frameworks";
				PRODUCT_NAME = "$(TARGET_NAME)";
			};
			name = Debug;
		};
		491E6D931A128F0B00CA2EFA /* Release */ = {
			isa = XCBuildConfiguration;
			buildSettings = {
				ASSETCATALOG_COMPILER_APPICON_NAME = AppIcon;
				INFOPLIST_FILE = MapIt2/Info.plist;
				LD_RUNPATH_SEARCH_PATHS = "$(inherited) @executable_path/Frameworks";
				PRODUCT_NAME = "$(TARGET_NAME)";
			};
			name = Release;
		};
		491E6D951A128F0B00CA2EFA /* Debug */ = {
			isa = XCBuildConfiguration;
			buildSettings = {
				BUNDLE_LOADER = "$(TEST_HOST)";
				FRAMEWORK_SEARCH_PATHS = (
					"$(SDKROOT)/Developer/Library/Frameworks",
					"$(inherited)",
				);
				GCC_PREPROCESSOR_DEFINITIONS = (
					"DEBUG=1",
					"$(inherited)",
				);
				INFOPLIST_FILE = MapIt2Tests/Info.plist;
				LD_RUNPATH_SEARCH_PATHS = "$(inherited) @executable_path/Frameworks @loader_path/Frameworks";
				PRODUCT_NAME = "$(TARGET_NAME)";
				TEST_HOST = "$(BUILT_PRODUCTS_DIR)/MapIt2.app/MapIt2";
			};
			name = Debug;
		};
		491E6D961A128F0B00CA2EFA /* Release */ = {
			isa = XCBuildConfiguration;
			buildSettings = {
				BUNDLE_LOADER = "$(TEST_HOST)";
				FRAMEWORK_SEARCH_PATHS = (
					"$(SDKROOT)/Developer/Library/Frameworks",
					"$(inherited)",
				);
				INFOPLIST_FILE = MapIt2Tests/Info.plist;
				LD_RUNPATH_SEARCH_PATHS = "$(inherited) @executable_path/Frameworks @loader_path/Frameworks";
				PRODUCT_NAME = "$(TARGET_NAME)";
				TEST_HOST = "$(BUILT_PRODUCTS_DIR)/MapIt2.app/MapIt2";
			};
			name = Release;
		};
/* End XCBuildConfiguration section */

/* Begin XCConfigurationList section */
		491E6D6D1A128F0B00CA2EFA /* Build configuration list for PBXProject "MapIt2" */ = {
			isa = XCConfigurationList;
			buildConfigurations = (
				491E6D8F1A128F0B00CA2EFA /* Debug */,
				491E6D901A128F0B00CA2EFA /* Release */,
			);
			defaultConfigurationIsVisible = 0;
			defaultConfigurationName = Release;
		};
		491E6D911A128F0B00CA2EFA /* Build configuration list for PBXNativeTarget "MapIt2" */ = {
			isa = XCConfigurationList;
			buildConfigurations = (
				491E6D921A128F0B00CA2EFA /* Debug */,
				491E6D931A128F0B00CA2EFA /* Release */,
			);
			defaultConfigurationIsVisible = 0;
		};
		491E6D941A128F0B00CA2EFA /* Build configuration list for PBXNativeTarget "MapIt2Tests" */ = {
			isa = XCConfigurationList;
			buildConfigurations = (
				491E6D951A128F0B00CA2EFA /* Debug */,
				491E6D961A128F0B00CA2EFA /* Release */,
			);
			defaultConfigurationIsVisible = 0;
		};
/* End XCConfigurationList section */
	};
	rootObject = 491E6D6A1A128F0B00CA2EFA /* Project object */;
}
