// !$*UTF8*$!
{
	archiveVersion = 1;
	classes = {
	};
	objectVersion = 46;
	objects = {

/* Begin PBXBuildFile section */
		4993389E1A0BF6F400264850 /* AppDelegate.swift in Sources */ = {isa = PBXBuildFile; fileRef = 4993389D1A0BF6F400264850 /* AppDelegate.swift */; };
		499338A01A0BF6F400264850 /* ViewController.swift in Sources */ = {isa = PBXBuildFile; fileRef = 4993389F1A0BF6F400264850 /* ViewController.swift */; };
		499338A31A0BF6F400264850 /* Main.storyboard in Resources */ = {isa = PBXBuildFile; fileRef = 499338A11A0BF6F400264850 /* Main.storyboard */; };
		499338A51A0BF6F400264850 /* Images.xcassets in Resources */ = {isa = PBXBuildFile; fileRef = 499338A41A0BF6F400264850 /* Images.xcassets */; };
		499338A81A0BF6F400264850 /* LaunchScreen.xib in Resources */ = {isa = PBXBuildFile; fileRef = 499338A61A0BF6F400264850 /* LaunchScreen.xib */; };
		499338B41A0BF6F500264850 /* PageAppTests.swift in Sources */ = {isa = PBXBuildFile; fileRef = 499338B31A0BF6F500264850 /* PageAppTests.swift */; };
		499338BE1A0BFAEC00264850 /* PageAViewController.swift in Sources */ = {isa = PBXBuildFile; fileRef = 499338BD1A0BFAEC00264850 /* PageAViewController.swift */; };
		499338C01A0BFAFB00264850 /* PageBViewController.swift in Sources */ = {isa = PBXBuildFile; fileRef = 499338BF1A0BFAFB00264850 /* PageBViewController.swift */; };
		499338C21A0BFB0500264850 /* PageCViewController.swift in Sources */ = {isa = PBXBuildFile; fileRef = 499338C11A0BFB0500264850 /* PageCViewController.swift */; };
		499338C41A0BFB0D00264850 /* PageDViewController.swift in Sources */ = {isa = PBXBuildFile; fileRef = 499338C31A0BFB0D00264850 /* PageDViewController.swift */; };
/* End PBXBuildFile section */

/* Begin PBXContainerItemProxy section */
		499338AE1A0BF6F500264850 /* PBXContainerItemProxy */ = {
			isa = PBXContainerItemProxy;
			containerPortal = 499338901A0BF6F400264850 /* Project object */;
			proxyType = 1;
			remoteGlobalIDString = 499338971A0BF6F400264850;
			remoteInfo = PageApp;
		};
/* End PBXContainerItemProxy section */

/* Begin PBXFileReference section */
		499338981A0BF6F400264850 /* PageApp.app */ = {isa = PBXFileReference; explicitFileType = wrapper.application; includeInIndex = 0; path = PageApp.app; sourceTree = BUILT_PRODUCTS_DIR; };
		4993389C1A0BF6F400264850 /* Info.plist */ = {isa = PBXFileReference; lastKnownFileType = text.plist.xml; path = Info.plist; sourceTree = "<group>"; };
		4993389D1A0BF6F400264850 /* AppDelegate.swift */ = {isa = PBXFileReference; lastKnownFileType = sourcecode.swift; path = AppDelegate.swift; sourceTree = "<group>"; };
		4993389F1A0BF6F400264850 /* ViewController.swift */ = {isa = PBXFileReference; lastKnownFileType = sourcecode.swift; path = ViewController.swift; sourceTree = "<group>"; };
		499338A21A0BF6F400264850 /* Base */ = {isa = PBXFileReference; lastKnownFileType = file.storyboard; name = Base; path = Base.lproj/Main.storyboard; sourceTree = "<group>"; };
		499338A41A0BF6F400264850 /* Images.xcassets */ = {isa = PBXFileReference; lastKnownFileType = folder.assetcatalog; path = Images.xcassets; sourceTree = "<group>"; };
		499338A71A0BF6F400264850 /* Base */ = {isa = PBXFileReference; lastKnownFileType = file.xib; name = Base; path = Base.lproj/LaunchScreen.xib; sourceTree = "<group>"; };
		499338AD1A0BF6F500264850 /* PageAppTests.xctest */ = {isa = PBXFileReference; explicitFileType = wrapper.cfbundle; includeInIndex = 0; path = PageAppTests.xctest; sourceTree = BUILT_PRODUCTS_DIR; };
		499338B21A0BF6F500264850 /* Info.plist */ = {isa = PBXFileReference; lastKnownFileType = text.plist.xml; path = Info.plist; sourceTree = "<group>"; };
		499338B31A0BF6F500264850 /* PageAppTests.swift */ = {isa = PBXFileReference; lastKnownFileType = sourcecode.swift; path = PageAppTests.swift; sourceTree = "<group>"; };
		499338BD1A0BFAEC00264850 /* PageAViewController.swift */ = {isa = PBXFileReference; fileEncoding = 4; lastKnownFileType = sourcecode.swift; path = PageAViewController.swift; sourceTree = "<group>"; };
		499338BF1A0BFAFB00264850 /* PageBViewController.swift */ = {isa = PBXFileReference; fileEncoding = 4; lastKnownFileType = sourcecode.swift; path = PageBViewController.swift; sourceTree = "<group>"; };
		499338C11A0BFB0500264850 /* PageCViewController.swift */ = {isa = PBXFileReference; fileEncoding = 4; lastKnownFileType = sourcecode.swift; path = PageCViewController.swift; sourceTree = "<group>"; };
		499338C31A0BFB0D00264850 /* PageDViewController.swift */ = {isa = PBXFileReference; fileEncoding = 4; lastKnownFileType = sourcecode.swift; path = PageDViewController.swift; sourceTree = "<group>"; };
/* End PBXFileReference section */

/* Begin PBXFrameworksBuildPhase section */
		499338951A0BF6F400264850 /* Frameworks */ = {
			isa = PBXFrameworksBuildPhase;
			buildActionMask = 2147483647;
			files = (
			);
			runOnlyForDeploymentPostprocessing = 0;
		};
		499338AA1A0BF6F500264850 /* Frameworks */ = {
			isa = PBXFrameworksBuildPhase;
			buildActionMask = 2147483647;
			files = (
			);
			runOnlyForDeploymentPostprocessing = 0;
		};
/* End PBXFrameworksBuildPhase section */

/* Begin PBXGroup section */
		4993388F1A0BF6F400264850 = {
			isa = PBXGroup;
			children = (
				4993389A1A0BF6F400264850 /* PageApp */,
				499338B01A0BF6F500264850 /* PageAppTests */,
				499338991A0BF6F400264850 /* Products */,
			);
			sourceTree = "<group>";
		};
		499338991A0BF6F400264850 /* Products */ = {
			isa = PBXGroup;
			children = (
				499338981A0BF6F400264850 /* PageApp.app */,
				499338AD1A0BF6F500264850 /* PageAppTests.xctest */,
			);
			name = Products;
			sourceTree = "<group>";
		};
		4993389A1A0BF6F400264850 /* PageApp */ = {
			isa = PBXGroup;
			children = (
				4993389D1A0BF6F400264850 /* AppDelegate.swift */,
				4993389F1A0BF6F400264850 /* ViewController.swift */,
				499338A11A0BF6F400264850 /* Main.storyboard */,
				499338BD1A0BFAEC00264850 /* PageAViewController.swift */,
				499338BF1A0BFAFB00264850 /* PageBViewController.swift */,
				499338C11A0BFB0500264850 /* PageCViewController.swift */,
				499338C31A0BFB0D00264850 /* PageDViewController.swift */,
				499338A41A0BF6F400264850 /* Images.xcassets */,
				499338A61A0BF6F400264850 /* LaunchScreen.xib */,
				4993389B1A0BF6F400264850 /* Supporting Files */,
			);
			path = PageApp;
			sourceTree = "<group>";
		};
		4993389B1A0BF6F400264850 /* Supporting Files */ = {
			isa = PBXGroup;
			children = (
				4993389C1A0BF6F400264850 /* Info.plist */,
			);
			name = "Supporting Files";
			sourceTree = "<group>";
		};
		499338B01A0BF6F500264850 /* PageAppTests */ = {
			isa = PBXGroup;
			children = (
				499338B31A0BF6F500264850 /* PageAppTests.swift */,
				499338B11A0BF6F500264850 /* Supporting Files */,
			);
			path = PageAppTests;
			sourceTree = "<group>";
		};
		499338B11A0BF6F500264850 /* Supporting Files */ = {
			isa = PBXGroup;
			children = (
				499338B21A0BF6F500264850 /* Info.plist */,
			);
			name = "Supporting Files";
			sourceTree = "<group>";
		};
/* End PBXGroup section */

/* Begin PBXNativeTarget section */
		499338971A0BF6F400264850 /* PageApp */ = {
			isa = PBXNativeTarget;
			buildConfigurationList = 499338B71A0BF6F500264850 /* Build configuration list for PBXNativeTarget "PageApp" */;
			buildPhases = (
				499338941A0BF6F400264850 /* Sources */,
				499338951A0BF6F400264850 /* Frameworks */,
				499338961A0BF6F400264850 /* Resources */,
			);
			buildRules = (
			);
			dependencies = (
			);
			name = PageApp;
			productName = PageApp;
			productReference = 499338981A0BF6F400264850 /* PageApp.app */;
			productType = "com.apple.product-type.application";
		};
		499338AC1A0BF6F500264850 /* PageAppTests */ = {
			isa = PBXNativeTarget;
			buildConfigurationList = 499338BA1A0BF6F500264850 /* Build configuration list for PBXNativeTarget "PageAppTests" */;
			buildPhases = (
				499338A91A0BF6F500264850 /* Sources */,
				499338AA1A0BF6F500264850 /* Frameworks */,
				499338AB1A0BF6F500264850 /* Resources */,
			);
			buildRules = (
			);
			dependencies = (
				499338AF1A0BF6F500264850 /* PBXTargetDependency */,
			);
			name = PageAppTests;
			productName = PageAppTests;
			productReference = 499338AD1A0BF6F500264850 /* PageAppTests.xctest */;
			productType = "com.apple.product-type.bundle.unit-test";
		};
/* End PBXNativeTarget section */

/* Begin PBXProject section */
		499338901A0BF6F400264850 /* Project object */ = {
			isa = PBXProject;
			attributes = {
				LastUpgradeCheck = 0610;
				ORGANIZATIONNAME = "Jason Zeiler";
				TargetAttributes = {
					499338971A0BF6F400264850 = {
						CreatedOnToolsVersion = 6.1;
					};
					499338AC1A0BF6F500264850 = {
						CreatedOnToolsVersion = 6.1;
						TestTargetID = 499338971A0BF6F400264850;
					};
				};
			};
			buildConfigurationList = 499338931A0BF6F400264850 /* Build configuration list for PBXProject "PageApp" */;
			compatibilityVersion = "Xcode 3.2";
			developmentRegion = English;
			hasScannedForEncodings = 0;
			knownRegions = (
				en,
				Base,
			);
			mainGroup = 4993388F1A0BF6F400264850;
			productRefGroup = 499338991A0BF6F400264850 /* Products */;
			projectDirPath = "";
			projectRoot = "";
			targets = (
				499338971A0BF6F400264850 /* PageApp */,
				499338AC1A0BF6F500264850 /* PageAppTests */,
			);
		};
/* End PBXProject section */

/* Begin PBXResourcesBuildPhase section */
		499338961A0BF6F400264850 /* Resources */ = {
			isa = PBXResourcesBuildPhase;
			buildActionMask = 2147483647;
			files = (
				499338A31A0BF6F400264850 /* Main.storyboard in Resources */,
				499338A81A0BF6F400264850 /* LaunchScreen.xib in Resources */,
				499338A51A0BF6F400264850 /* Images.xcassets in Resources */,
			);
			runOnlyForDeploymentPostprocessing = 0;
		};
		499338AB1A0BF6F500264850 /* Resources */ = {
			isa = PBXResourcesBuildPhase;
			buildActionMask = 2147483647;
			files = (
			);
			runOnlyForDeploymentPostprocessing = 0;
		};
/* End PBXResourcesBuildPhase section */

/* Begin PBXSourcesBuildPhase section */
		499338941A0BF6F400264850 /* Sources */ = {
			isa = PBXSourcesBuildPhase;
			buildActionMask = 2147483647;
			files = (
				499338A01A0BF6F400264850 /* ViewController.swift in Sources */,
				4993389E1A0BF6F400264850 /* AppDelegate.swift in Sources */,
				499338C01A0BFAFB00264850 /* PageBViewController.swift in Sources */,
				499338BE1A0BFAEC00264850 /* PageAViewController.swift in Sources */,
				499338C41A0BFB0D00264850 /* PageDViewController.swift in Sources */,
				499338C21A0BFB0500264850 /* PageCViewController.swift in Sources */,
			);
			runOnlyForDeploymentPostprocessing = 0;
		};
		499338A91A0BF6F500264850 /* Sources */ = {
			isa = PBXSourcesBuildPhase;
			buildActionMask = 2147483647;
			files = (
				499338B41A0BF6F500264850 /* PageAppTests.swift in Sources */,
			);
			runOnlyForDeploymentPostprocessing = 0;
		};
/* End PBXSourcesBuildPhase section */

/* Begin PBXTargetDependency section */
		499338AF1A0BF6F500264850 /* PBXTargetDependency */ = {
			isa = PBXTargetDependency;
			target = 499338971A0BF6F400264850 /* PageApp */;
			targetProxy = 499338AE1A0BF6F500264850 /* PBXContainerItemProxy */;
		};
/* End PBXTargetDependency section */

/* Begin PBXVariantGroup section */
		499338A11A0BF6F400264850 /* Main.storyboard */ = {
			isa = PBXVariantGroup;
			children = (
				499338A21A0BF6F400264850 /* Base */,
			);
			name = Main.storyboard;
			sourceTree = "<group>";
		};
		499338A61A0BF6F400264850 /* LaunchScreen.xib */ = {
			isa = PBXVariantGroup;
			children = (
				499338A71A0BF6F400264850 /* Base */,
			);
			name = LaunchScreen.xib;
			sourceTree = "<group>";
		};
/* End PBXVariantGroup section */

/* Begin XCBuildConfiguration section */
		499338B51A0BF6F500264850 /* Debug */ = {
			isa = XCBuildConfiguration;
			buildSettings = {
				ALWAYS_SEARCH_USER_PATHS = NO;
				CLANG_CXX_LANGUAGE_STANDARD = "gnu++0x";
				CLANG_CXX_LIBRARY = "libc++";
				CLANG_ENABLE_MODULES = YES;
				CLANG_ENABLE_OBJC_ARC = YES;
				CLANG_WARN_BOOL_CONVERSION = YES;
				CLANG_WARN_CONSTANT_CONVERSION = YES;
				CLANG_WARN_DIRECT_OBJC_ISA_USAGE = YES_ERROR;
				CLANG_WARN_EMPTY_BODY = YES;
				CLANG_WARN_ENUM_CONVERSION = YES;
				CLANG_WARN_INT_CONVERSION = YES;
				CLANG_WARN_OBJC_ROOT_CLASS = YES_ERROR;
				CLANG_WARN_UNREACHABLE_CODE = YES;
				CLANG_WARN__DUPLICATE_METHOD_MATCH = YES;
				"CODE_SIGN_IDENTITY[sdk=iphoneos*]" = "iPhone Developer";
				COPY_PHASE_STRIP = NO;
				ENABLE_STRICT_OBJC_MSGSEND = YES;
				GCC_C_LANGUAGE_STANDARD = gnu99;
				GCC_DYNAMIC_NO_PIC = NO;
				GCC_OPTIMIZATION_LEVEL = 0;
				GCC_PREPROCESSOR_DEFINITIONS = (
					"DEBUG=1",
					"$(inherited)",
				);
				GCC_SYMBOLS_PRIVATE_EXTERN = NO;
				GCC_WARN_64_TO_32_BIT_CONVERSION = YES;
				GCC_WARN_ABOUT_RETURN_TYPE = YES_ERROR;
				GCC_WARN_UNDECLARED_SELECTOR = YES;
				GCC_WARN_UNINITIALIZED_AUTOS = YES_AGGRESSIVE;
				GCC_WARN_UNUSED_FUNCTION = YES;
				GCC_WARN_UNUSED_VARIABLE = YES;
				IPHONEOS_DEPLOYMENT_TARGET = 8.1;
				MTL_ENABLE_DEBUG_INFO = YES;
				ONLY_ACTIVE_ARCH = YES;
				SDKROOT = iphoneos;
				SWIFT_OPTIMIZATION_LEVEL = "-Onone";
			};
			name = Debug;
		};
		499338B61A0BF6F500264850 /* Release */ = {
			isa = XCBuildConfiguration;
			buildSettings = {
				ALWAYS_SEARCH_USER_PATHS = NO;
				CLANG_CXX_LANGUAGE_STANDARD = "gnu++0x";
				CLANG_CXX_LIBRARY = "libc++";
				CLANG_ENABLE_MODULES = YES;
				CLANG_ENABLE_OBJC_ARC = YES;
				CLANG_WARN_BOOL_CONVERSION = YES;
				CLANG_WARN_CONSTANT_CONVERSION = YES;
				CLANG_WARN_DIRECT_OBJC_ISA_USAGE = YES_ERROR;
				CLANG_WARN_EMPTY_BODY = YES;
				CLANG_WARN_ENUM_CONVERSION = YES;
				CLANG_WARN_INT_CONVERSION = YES;
				CLANG_WARN_OBJC_ROOT_CLASS = YES_ERROR;
				CLANG_WARN_UNREACHABLE_CODE = YES;
				CLANG_WARN__DUPLICATE_METHOD_MATCH = YES;
				"CODE_SIGN_IDENTITY[sdk=iphoneos*]" = "iPhone Developer";
				COPY_PHASE_STRIP = YES;
				ENABLE_NS_ASSERTIONS = NO;
				ENABLE_STRICT_OBJC_MSGSEND = YES;
				GCC_C_LANGUAGE_STANDARD = gnu99;
				GCC_WARN_64_TO_32_BIT_CONVERSION = YES;
				GCC_WARN_ABOUT_RETURN_TYPE = YES_ERROR;
				GCC_WARN_UNDECLARED_SELECTOR = YES;
				GCC_WARN_UNINITIALIZED_AUTOS = YES_AGGRESSIVE;
				GCC_WARN_UNUSED_FUNCTION = YES;
				GCC_WARN_UNUSED_VARIABLE = YES;
				IPHONEOS_DEPLOYMENT_TARGET = 8.1;
				MTL_ENABLE_DEBUG_INFO = NO;
				SDKROOT = iphoneos;
				VALIDATE_PRODUCT = YES;
			};
			name = Release;
		};
		499338B81A0BF6F500264850 /* Debug */ = {
			isa = XCBuildConfiguration;
			buildSettings = {
				ASSETCATALOG_COMPILER_APPICON_NAME = AppIcon;
				INFOPLIST_FILE = PageApp/Info.plist;
				LD_RUNPATH_SEARCH_PATHS = "$(inherited) @executable_path/Frameworks";
				PRODUCT_NAME = "$(TARGET_NAME)";
			};
			name = Debug;
		};
		499338B91A0BF6F500264850 /* Release */ = {
			isa = XCBuildConfiguration;
			buildSettings = {
				ASSETCATALOG_COMPILER_APPICON_NAME = AppIcon;
				INFOPLIST_FILE = PageApp/Info.plist;
				LD_RUNPATH_SEARCH_PATHS = "$(inherited) @executable_path/Frameworks";
				PRODUCT_NAME = "$(TARGET_NAME)";
			};
			name = Release;
		};
		499338BB1A0BF6F500264850 /* Debug */ = {
			isa = XCBuildConfiguration;
			buildSettings = {
				BUNDLE_LOADER = "$(TEST_HOST)";
				FRAMEWORK_SEARCH_PATHS = (
					"$(SDKROOT)/Developer/Library/Frameworks",
					"$(inherited)",
				);
				GCC_PREPROCESSOR_DEFINITIONS = (
					"DEBUG=1",
					"$(inherited)",
				);
				INFOPLIST_FILE = PageAppTests/Info.plist;
				LD_RUNPATH_SEARCH_PATHS = "$(inherited) @executable_path/Frameworks @loader_path/Frameworks";
				PRODUCT_NAME = "$(TARGET_NAME)";
				TEST_HOST = "$(BUILT_PRODUCTS_DIR)/PageApp.app/PageApp";
			};
			name = Debug;
		};
		499338BC1A0BF6F500264850 /* Release */ = {
			isa = XCBuildConfiguration;
			buildSettings = {
				BUNDLE_LOADER = "$(TEST_HOST)";
				FRAMEWORK_SEARCH_PATHS = (
					"$(SDKROOT)/Developer/Library/Frameworks",
					"$(inherited)",
				);
				INFOPLIST_FILE = PageAppTests/Info.plist;
				LD_RUNPATH_SEARCH_PATHS = "$(inherited) @executable_path/Frameworks @loader_path/Frameworks";
				PRODUCT_NAME = "$(TARGET_NAME)";
				TEST_HOST = "$(BUILT_PRODUCTS_DIR)/PageApp.app/PageApp";
			};
			name = Release;
		};
/* End XCBuildConfiguration section */

/* Begin XCConfigurationList section */
		499338931A0BF6F400264850 /* Build configuration list for PBXProject "PageApp" */ = {
			isa = XCConfigurationList;
			buildConfigurations = (
				499338B51A0BF6F500264850 /* Debug */,
				499338B61A0BF6F500264850 /* Release */,
			);
			defaultConfigurationIsVisible = 0;
			defaultConfigurationName = Release;
		};
		499338B71A0BF6F500264850 /* Build configuration list for PBXNativeTarget "PageApp" */ = {
			isa = XCConfigurationList;
			buildConfigurations = (
				499338B81A0BF6F500264850 /* Debug */,
				499338B91A0BF6F500264850 /* Release */,
			);
			defaultConfigurationIsVisible = 0;
		};
		499338BA1A0BF6F500264850 /* Build configuration list for PBXNativeTarget "PageAppTests" */ = {
			isa = XCConfigurationList;
			buildConfigurations = (
				499338BB1A0BF6F500264850 /* Debug */,
				499338BC1A0BF6F500264850 /* Release */,
			);
			defaultConfigurationIsVisible = 0;
		};
/* End XCConfigurationList section */
	};
	rootObject = 499338901A0BF6F400264850 /* Project object */;
}
