// !$*UTF8*$!
{
	archiveVersion = 1;
	classes = {
	};
	objectVersion = 46;
	objects = {

/* Begin PBXBuildFile section */
		49B6CD301A1E74EE00F24974 /* AppDelegate.swift in Sources */ = {isa = PBXBuildFile; fileRef = 49B6CD2F1A1E74EE00F24974 /* AppDelegate.swift */; };
		49B6CD351A1E74EE00F24974 /* Main.storyboard in Resources */ = {isa = PBXBuildFile; fileRef = 49B6CD331A1E74EE00F24974 /* Main.storyboard */; };
		49B6CD371A1E74EE00F24974 /* Images.xcassets in Resources */ = {isa = PBXBuildFile; fileRef = 49B6CD361A1E74EE00F24974 /* Images.xcassets */; };
		49B6CD3A1A1E74EE00F24974 /* LaunchScreen.xib in Resources */ = {isa = PBXBuildFile; fileRef = 49B6CD381A1E74EE00F24974 /* LaunchScreen.xib */; };
		49B6CD461A1E74EF00F24974 /* NaviTests.swift in Sources */ = {isa = PBXBuildFile; fileRef = 49B6CD451A1E74EF00F24974 /* NaviTests.swift */; };
/* End PBXBuildFile section */

/* Begin PBXContainerItemProxy section */
		49B6CD401A1E74EF00F24974 /* PBXContainerItemProxy */ = {
			isa = PBXContainerItemProxy;
			containerPortal = 49B6CD221A1E74EE00F24974 /* Project object */;
			proxyType = 1;
			remoteGlobalIDString = 49B6CD291A1E74EE00F24974;
			remoteInfo = Navi;
		};
/* End PBXContainerItemProxy section */

/* Begin PBXFileReference section */
		49B6CD2A1A1E74EE00F24974 /* Navi.app */ = {isa = PBXFileReference; explicitFileType = wrapper.application; includeInIndex = 0; path = Navi.app; sourceTree = BUILT_PRODUCTS_DIR; };
		49B6CD2E1A1E74EE00F24974 /* Info.plist */ = {isa = PBXFileReference; lastKnownFileType = text.plist.xml; path = Info.plist; sourceTree = "<group>"; };
		49B6CD2F1A1E74EE00F24974 /* AppDelegate.swift */ = {isa = PBXFileReference; lastKnownFileType = sourcecode.swift; path = AppDelegate.swift; sourceTree = "<group>"; };
		49B6CD341A1E74EE00F24974 /* Base */ = {isa = PBXFileReference; lastKnownFileType = file.storyboard; name = Base; path = Base.lproj/Main.storyboard; sourceTree = "<group>"; };
		49B6CD361A1E74EE00F24974 /* Images.xcassets */ = {isa = PBXFileReference; lastKnownFileType = folder.assetcatalog; path = Images.xcassets; sourceTree = "<group>"; };
		49B6CD391A1E74EE00F24974 /* Base */ = {isa = PBXFileReference; lastKnownFileType = file.xib; name = Base; path = Base.lproj/LaunchScreen.xib; sourceTree = "<group>"; };
		49B6CD3F1A1E74EF00F24974 /* NaviTests.xctest */ = {isa = PBXFileReference; explicitFileType = wrapper.cfbundle; includeInIndex = 0; path = NaviTests.xctest; sourceTree = BUILT_PRODUCTS_DIR; };
		49B6CD441A1E74EF00F24974 /* Info.plist */ = {isa = PBXFileReference; lastKnownFileType = text.plist.xml; path = Info.plist; sourceTree = "<group>"; };
		49B6CD451A1E74EF00F24974 /* NaviTests.swift */ = {isa = PBXFileReference; lastKnownFileType = sourcecode.swift; path = NaviTests.swift; sourceTree = "<group>"; };
/* End PBXFileReference section */

/* Begin PBXFrameworksBuildPhase section */
		49B6CD271A1E74EE00F24974 /* Frameworks */ = {
			isa = PBXFrameworksBuildPhase;
			buildActionMask = 2147483647;
			files = (
			);
			runOnlyForDeploymentPostprocessing = 0;
		};
		49B6CD3C1A1E74EF00F24974 /* Frameworks */ = {
			isa = PBXFrameworksBuildPhase;
			buildActionMask = 2147483647;
			files = (
			);
			runOnlyForDeploymentPostprocessing = 0;
		};
/* End PBXFrameworksBuildPhase section */

/* Begin PBXGroup section */
		49B6CD211A1E74EE00F24974 = {
			isa = PBXGroup;
			children = (
				49B6CD2C1A1E74EE00F24974 /* Navi */,
				49B6CD421A1E74EF00F24974 /* NaviTests */,
				49B6CD2B1A1E74EE00F24974 /* Products */,
			);
			sourceTree = "<group>";
		};
		49B6CD2B1A1E74EE00F24974 /* Products */ = {
			isa = PBXGroup;
			children = (
				49B6CD2A1A1E74EE00F24974 /* Navi.app */,
				49B6CD3F1A1E74EF00F24974 /* NaviTests.xctest */,
			);
			name = Products;
			sourceTree = "<group>";
		};
		49B6CD2C1A1E74EE00F24974 /* Navi */ = {
			isa = PBXGroup;
			children = (
				49B6CD2F1A1E74EE00F24974 /* AppDelegate.swift */,
				49B6CD331A1E74EE00F24974 /* Main.storyboard */,
				49B6CD361A1E74EE00F24974 /* Images.xcassets */,
				49B6CD381A1E74EE00F24974 /* LaunchScreen.xib */,
				49B6CD2D1A1E74EE00F24974 /* Supporting Files */,
			);
			path = Navi;
			sourceTree = "<group>";
		};
		49B6CD2D1A1E74EE00F24974 /* Supporting Files */ = {
			isa = PBXGroup;
			children = (
				49B6CD2E1A1E74EE00F24974 /* Info.plist */,
			);
			name = "Supporting Files";
			sourceTree = "<group>";
		};
		49B6CD421A1E74EF00F24974 /* NaviTests */ = {
			isa = PBXGroup;
			children = (
				49B6CD451A1E74EF00F24974 /* NaviTests.swift */,
				49B6CD431A1E74EF00F24974 /* Supporting Files */,
			);
			path = NaviTests;
			sourceTree = "<group>";
		};
		49B6CD431A1E74EF00F24974 /* Supporting Files */ = {
			isa = PBXGroup;
			children = (
				49B6CD441A1E74EF00F24974 /* Info.plist */,
			);
			name = "Supporting Files";
			sourceTree = "<group>";
		};
/* End PBXGroup section */

/* Begin PBXNativeTarget section */
		49B6CD291A1E74EE00F24974 /* Navi */ = {
			isa = PBXNativeTarget;
			buildConfigurationList = 49B6CD491A1E74EF00F24974 /* Build configuration list for PBXNativeTarget "Navi" */;
			buildPhases = (
				49B6CD261A1E74EE00F24974 /* Sources */,
				49B6CD271A1E74EE00F24974 /* Frameworks */,
				49B6CD281A1E74EE00F24974 /* Resources */,
			);
			buildRules = (
			);
			dependencies = (
			);
			name = Navi;
			productName = Navi;
			productReference = 49B6CD2A1A1E74EE00F24974 /* Navi.app */;
			productType = "com.apple.product-type.application";
		};
		49B6CD3E1A1E74EF00F24974 /* NaviTests */ = {
			isa = PBXNativeTarget;
			buildConfigurationList = 49B6CD4C1A1E74EF00F24974 /* Build configuration list for PBXNativeTarget "NaviTests" */;
			buildPhases = (
				49B6CD3B1A1E74EF00F24974 /* Sources */,
				49B6CD3C1A1E74EF00F24974 /* Frameworks */,
				49B6CD3D1A1E74EF00F24974 /* Resources */,
			);
			buildRules = (
			);
			dependencies = (
				49B6CD411A1E74EF00F24974 /* PBXTargetDependency */,
			);
			name = NaviTests;
			productName = NaviTests;
			productReference = 49B6CD3F1A1E74EF00F24974 /* NaviTests.xctest */;
			productType = "com.apple.product-type.bundle.unit-test";
		};
/* End PBXNativeTarget section */

/* Begin PBXProject section */
		49B6CD221A1E74EE00F24974 /* Project object */ = {
			isa = PBXProject;
			attributes = {
				LastUpgradeCheck = 0620;
				ORGANIZATIONNAME = "University of Missouri - FitIn Group 1";
				TargetAttributes = {
					49B6CD291A1E74EE00F24974 = {
						CreatedOnToolsVersion = 6.2;
					};
					49B6CD3E1A1E74EF00F24974 = {
						CreatedOnToolsVersion = 6.2;
						TestTargetID = 49B6CD291A1E74EE00F24974;
					};
				};
			};
			buildConfigurationList = 49B6CD251A1E74EE00F24974 /* Build configuration list for PBXProject "Navi" */;
			compatibilityVersion = "Xcode 3.2";
			developmentRegion = English;
			hasScannedForEncodings = 0;
			knownRegions = (
				en,
				Base,
			);
			mainGroup = 49B6CD211A1E74EE00F24974;
			productRefGroup = 49B6CD2B1A1E74EE00F24974 /* Products */;
			projectDirPath = "";
			projectRoot = "";
			targets = (
				49B6CD291A1E74EE00F24974 /* Navi */,
				49B6CD3E1A1E74EF00F24974 /* NaviTests */,
			);
		};
/* End PBXProject section */

/* Begin PBXResourcesBuildPhase section */
		49B6CD281A1E74EE00F24974 /* Resources */ = {
			isa = PBXResourcesBuildPhase;
			buildActionMask = 2147483647;
			files = (
				49B6CD351A1E74EE00F24974 /* Main.storyboard in Resources */,
				49B6CD3A1A1E74EE00F24974 /* LaunchScreen.xib in Resources */,
				49B6CD371A1E74EE00F24974 /* Images.xcassets in Resources */,
			);
			runOnlyForDeploymentPostprocessing = 0;
		};
		49B6CD3D1A1E74EF00F24974 /* Resources */ = {
			isa = PBXResourcesBuildPhase;
			buildActionMask = 2147483647;
			files = (
			);
			runOnlyForDeploymentPostprocessing = 0;
		};
/* End PBXResourcesBuildPhase section */

/* Begin PBXSourcesBuildPhase section */
		49B6CD261A1E74EE00F24974 /* Sources */ = {
			isa = PBXSourcesBuildPhase;
			buildActionMask = 2147483647;
			files = (
				49B6CD301A1E74EE00F24974 /* AppDelegate.swift in Sources */,
			);
			runOnlyForDeploymentPostprocessing = 0;
		};
		49B6CD3B1A1E74EF00F24974 /* Sources */ = {
			isa = PBXSourcesBuildPhase;
			buildActionMask = 2147483647;
			files = (
				49B6CD461A1E74EF00F24974 /* NaviTests.swift in Sources */,
			);
			runOnlyForDeploymentPostprocessing = 0;
		};
/* End PBXSourcesBuildPhase section */

/* Begin PBXTargetDependency section */
		49B6CD411A1E74EF00F24974 /* PBXTargetDependency */ = {
			isa = PBXTargetDependency;
			target = 49B6CD291A1E74EE00F24974 /* Navi */;
			targetProxy = 49B6CD401A1E74EF00F24974 /* PBXContainerItemProxy */;
		};
/* End PBXTargetDependency section */

/* Begin PBXVariantGroup section */
		49B6CD331A1E74EE00F24974 /* Main.storyboard */ = {
			isa = PBXVariantGroup;
			children = (
				49B6CD341A1E74EE00F24974 /* Base */,
			);
			name = Main.storyboard;
			sourceTree = "<group>";
		};
		49B6CD381A1E74EE00F24974 /* LaunchScreen.xib */ = {
			isa = PBXVariantGroup;
			children = (
				49B6CD391A1E74EE00F24974 /* Base */,
			);
			name = LaunchScreen.xib;
			sourceTree = "<group>";
		};
/* End PBXVariantGroup section */

/* Begin XCBuildConfiguration section */
		49B6CD471A1E74EF00F24974 /* Debug */ = {
			isa = XCBuildConfiguration;
			buildSettings = {
				ALWAYS_SEARCH_USER_PATHS = NO;
				CLANG_CXX_LANGUAGE_STANDARD = "gnu++0x";
				CLANG_CXX_LIBRARY = "libc++";
				CLANG_ENABLE_MODULES = YES;
				CLANG_ENABLE_OBJC_ARC = YES;
				CLANG_WARN_BOOL_CONVERSION = YES;
				CLANG_WARN_CONSTANT_CONVERSION = YES;
				CLANG_WARN_DIRECT_OBJC_ISA_USAGE = YES_ERROR;
				CLANG_WARN_EMPTY_BODY = YES;
				CLANG_WARN_ENUM_CONVERSION = YES;
				CLANG_WARN_INT_CONVERSION = YES;
				CLANG_WARN_OBJC_ROOT_CLASS = YES_ERROR;
				CLANG_WARN_UNREACHABLE_CODE = YES;
				CLANG_WARN__DUPLICATE_METHOD_MATCH = YES;
				"CODE_SIGN_IDENTITY[sdk=iphoneos*]" = "iPhone Developer";
				COPY_PHASE_STRIP = NO;
				ENABLE_STRICT_OBJC_MSGSEND = YES;
				GCC_C_LANGUAGE_STANDARD = gnu99;
				GCC_DYNAMIC_NO_PIC = NO;
				GCC_OPTIMIZATION_LEVEL = 0;
				GCC_PREPROCESSOR_DEFINITIONS = (
					"DEBUG=1",
					"$(inherited)",
				);
				GCC_SYMBOLS_PRIVATE_EXTERN = NO;
				GCC_WARN_64_TO_32_BIT_CONVERSION = YES;
				GCC_WARN_ABOUT_RETURN_TYPE = YES_ERROR;
				GCC_WARN_UNDECLARED_SELECTOR = YES;
				GCC_WARN_UNINITIALIZED_AUTOS = YES_AGGRESSIVE;
				GCC_WARN_UNUSED_FUNCTION = YES;
				GCC_WARN_UNUSED_VARIABLE = YES;
				IPHONEOS_DEPLOYMENT_TARGET = 8.2;
				MTL_ENABLE_DEBUG_INFO = YES;
				ONLY_ACTIVE_ARCH = YES;
				SDKROOT = iphoneos;
				SWIFT_OPTIMIZATION_LEVEL = "-Onone";
			};
			name = Debug;
		};
		49B6CD481A1E74EF00F24974 /* Release */ = {
			isa = XCBuildConfiguration;
			buildSettings = {
				ALWAYS_SEARCH_USER_PATHS = NO;
				CLANG_CXX_LANGUAGE_STANDARD = "gnu++0x";
				CLANG_CXX_LIBRARY = "libc++";
				CLANG_ENABLE_MODULES = YES;
				CLANG_ENABLE_OBJC_ARC = YES;
				CLANG_WARN_BOOL_CONVERSION = YES;
				CLANG_WARN_CONSTANT_CONVERSION = YES;
				CLANG_WARN_DIRECT_OBJC_ISA_USAGE = YES_ERROR;
				CLANG_WARN_EMPTY_BODY = YES;
				CLANG_WARN_ENUM_CONVERSION = YES;
				CLANG_WARN_INT_CONVERSION = YES;
				CLANG_WARN_OBJC_ROOT_CLASS = YES_ERROR;
				CLANG_WARN_UNREACHABLE_CODE = YES;
				CLANG_WARN__DUPLICATE_METHOD_MATCH = YES;
				"CODE_SIGN_IDENTITY[sdk=iphoneos*]" = "iPhone Developer";
				COPY_PHASE_STRIP = YES;
				ENABLE_NS_ASSERTIONS = NO;
				ENABLE_STRICT_OBJC_MSGSEND = YES;
				GCC_C_LANGUAGE_STANDARD = gnu99;
				GCC_WARN_64_TO_32_BIT_CONVERSION = YES;
				GCC_WARN_ABOUT_RETURN_TYPE = YES_ERROR;
				GCC_WARN_UNDECLARED_SELECTOR = YES;
				GCC_WARN_UNINITIALIZED_AUTOS = YES_AGGRESSIVE;
				GCC_WARN_UNUSED_FUNCTION = YES;
				GCC_WARN_UNUSED_VARIABLE = YES;
				IPHONEOS_DEPLOYMENT_TARGET = 8.2;
				MTL_ENABLE_DEBUG_INFO = NO;
				SDKROOT = iphoneos;
				VALIDATE_PRODUCT = YES;
			};
			name = Release;
		};
		49B6CD4A1A1E74EF00F24974 /* Debug */ = {
			isa = XCBuildConfiguration;
			buildSettings = {
				ASSETCATALOG_COMPILER_APPICON_NAME = AppIcon;
				INFOPLIST_FILE = Navi/Info.plist;
				LD_RUNPATH_SEARCH_PATHS = "$(inherited) @executable_path/Frameworks";
				PRODUCT_NAME = "$(TARGET_NAME)";
			};
			name = Debug;
		};
		49B6CD4B1A1E74EF00F24974 /* Release */ = {
			isa = XCBuildConfiguration;
			buildSettings = {
				ASSETCATALOG_COMPILER_APPICON_NAME = AppIcon;
				INFOPLIST_FILE = Navi/Info.plist;
				LD_RUNPATH_SEARCH_PATHS = "$(inherited) @executable_path/Frameworks";
				PRODUCT_NAME = "$(TARGET_NAME)";
			};
			name = Release;
		};
		49B6CD4D1A1E74EF00F24974 /* Debug */ = {
			isa = XCBuildConfiguration;
			buildSettings = {
				BUNDLE_LOADER = "$(TEST_HOST)";
				FRAMEWORK_SEARCH_PATHS = (
					"$(SDKROOT)/Developer/Library/Frameworks",
					"$(inherited)",
				);
				GCC_PREPROCESSOR_DEFINITIONS = (
					"DEBUG=1",
					"$(inherited)",
				);
				INFOPLIST_FILE = NaviTests/Info.plist;
				LD_RUNPATH_SEARCH_PATHS = "$(inherited) @executable_path/Frameworks @loader_path/Frameworks";
				PRODUCT_NAME = "$(TARGET_NAME)";
				TEST_HOST = "$(BUILT_PRODUCTS_DIR)/Navi.app/Navi";
			};
			name = Debug;
		};
		49B6CD4E1A1E74EF00F24974 /* Release */ = {
			isa = XCBuildConfiguration;
			buildSettings = {
				BUNDLE_LOADER = "$(TEST_HOST)";
				FRAMEWORK_SEARCH_PATHS = (
					"$(SDKROOT)/Developer/Library/Frameworks",
					"$(inherited)",
				);
				INFOPLIST_FILE = NaviTests/Info.plist;
				LD_RUNPATH_SEARCH_PATHS = "$(inherited) @executable_path/Frameworks @loader_path/Frameworks";
				PRODUCT_NAME = "$(TARGET_NAME)";
				TEST_HOST = "$(BUILT_PRODUCTS_DIR)/Navi.app/Navi";
			};
			name = Release;
		};
/* End XCBuildConfiguration section */

/* Begin XCConfigurationList section */
		49B6CD251A1E74EE00F24974 /* Build configuration list for PBXProject "Navi" */ = {
			isa = XCConfigurationList;
			buildConfigurations = (
				49B6CD471A1E74EF00F24974 /* Debug */,
				49B6CD481A1E74EF00F24974 /* Release */,
			);
			defaultConfigurationIsVisible = 0;
			defaultConfigurationName = Release;
		};
		49B6CD491A1E74EF00F24974 /* Build configuration list for PBXNativeTarget "Navi" */ = {
			isa = XCConfigurationList;
			buildConfigurations = (
				49B6CD4A1A1E74EF00F24974 /* Debug */,
				49B6CD4B1A1E74EF00F24974 /* Release */,
			);
			defaultConfigurationIsVisible = 0;
		};
		49B6CD4C1A1E74EF00F24974 /* Build configuration list for PBXNativeTarget "NaviTests" */ = {
			isa = XCConfigurationList;
			buildConfigurations = (
				49B6CD4D1A1E74EF00F24974 /* Debug */,
				49B6CD4E1A1E74EF00F24974 /* Release */,
			);
			defaultConfigurationIsVisible = 0;
		};
/* End XCConfigurationList section */
	};
	rootObject = 49B6CD221A1E74EE00F24974 /* Project object */;
}
